// !$*UTF8*$!
{
	archiveVersion = 1;
	classes = {
	};
	objectVersion = 51;
	objects = {

/* Begin PBXBuildFile section */
		066A171626D39FE90058085F /* AppDelegate.m in Sources */ = {isa = PBXBuildFile; fileRef = 066A171526D39FE90058085F /* AppDelegate.m */; };
		066A172126D39FED0058085F /* Assets.xcassets in Resources */ = {isa = PBXBuildFile; fileRef = 066A172026D39FED0058085F /* Assets.xcassets */; };
		066A172426D39FED0058085F /* LaunchScreen.storyboard in Resources */ = {isa = PBXBuildFile; fileRef = 066A172226D39FED0058085F /* LaunchScreen.storyboard */; };
		066A172726D39FED0058085F /* main.m in Sources */ = {isa = PBXBuildFile; fileRef = 066A172626D39FED0058085F /* main.m */; };
		066A173126D3A0AE0058085F /* AMTabBarViewController.m in Sources */ = {isa = PBXBuildFile; fileRef = 066A173026D3A0AE0058085F /* AMTabBarViewController.m */; };
		066A173826D3A12C0058085F /* AMDeviceViewController.m in Sources */ = {isa = PBXBuildFile; fileRef = 066A173726D3A12C0058085F /* AMDeviceViewController.m */; };
		066A173B26D3A14B0058085F /* AMConnectViewController.mm in Sources */ = {isa = PBXBuildFile; fileRef = 066A173A26D3A14B0058085F /* AMConnectViewController.mm */; };
		066A173E26D3A1560058085F /* AMSettingViewController.m in Sources */ = {isa = PBXBuildFile; fileRef = 066A173D26D3A1560058085F /* AMSettingViewController.m */; };
		066A183D26D3A3FA0058085F /* UIImageView+BKAdd.m in Sources */ = {isa = PBXBuildFile; fileRef = 066A180226D3A3FA0058085F /* UIImageView+BKAdd.m */; };
		066A183E26D3A3FA0058085F /* UIView+ViewController.m in Sources */ = {isa = PBXBuildFile; fileRef = 066A180326D3A3FA0058085F /* UIView+ViewController.m */; };
		066A183F26D3A3FA0058085F /* UIScrollView+BKAdd.m in Sources */ = {isa = PBXBuildFile; fileRef = 066A180426D3A3FA0058085F /* UIScrollView+BKAdd.m */; };
		066A184026D3A3FA0058085F /* NSObject+BKAdd.m in Sources */ = {isa = PBXBuildFile; fileRef = 066A180526D3A3FA0058085F /* NSObject+BKAdd.m */; };
		066A184126D3A3FA0058085F /* UIView+Frame.m in Sources */ = {isa = PBXBuildFile; fileRef = 066A180726D3A3FA0058085F /* UIView+Frame.m */; };
		066A184226D3A3FA0058085F /* NSError+BKAdd.m in Sources */ = {isa = PBXBuildFile; fileRef = 066A180926D3A3FA0058085F /* NSError+BKAdd.m */; };
		066A184326D3A3FA0058085F /* NSUserDefaults+Sz.m in Sources */ = {isa = PBXBuildFile; fileRef = 066A180B26D3A3FA0058085F /* NSUserDefaults+Sz.m */; };
		066A184426D3A3FA0058085F /* NSDictionary+BKAdd.m in Sources */ = {isa = PBXBuildFile; fileRef = 066A180D26D3A3FA0058085F /* NSDictionary+BKAdd.m */; };
		066A184526D3A3FA0058085F /* UIViewController+Presentation.m in Sources */ = {isa = PBXBuildFile; fileRef = 066A180E26D3A3FA0058085F /* UIViewController+Presentation.m */; };
		066A184626D3A3FA0058085F /* UIFont+BKAdd.m in Sources */ = {isa = PBXBuildFile; fileRef = 066A181026D3A3FA0058085F /* UIFont+BKAdd.m */; };
		066A184726D3A3FA0058085F /* NSString+BKAdd.m in Sources */ = {isa = PBXBuildFile; fileRef = 066A181226D3A3FA0058085F /* NSString+BKAdd.m */; };
		066A184826D3A3FA0058085F /* BKPresentationController.m in Sources */ = {isa = PBXBuildFile; fileRef = 066A181726D3A3FA0058085F /* BKPresentationController.m */; };
		066A184926D3A3FA0058085F /* UIButton+BKAdd.m in Sources */ = {isa = PBXBuildFile; fileRef = 066A181926D3A3FA0058085F /* UIButton+BKAdd.m */; };
		066A184A26D3A3FA0058085F /* UIImage+EXIF.m in Sources */ = {isa = PBXBuildFile; fileRef = 066A181B26D3A3FA0058085F /* UIImage+EXIF.m */; };
		066A184B26D3A3FA0058085F /* BasePageViewController.m in Sources */ = {isa = PBXBuildFile; fileRef = 066A181D26D3A3FA0058085F /* BasePageViewController.m */; };
		066A184C26D3A3FA0058085F /* BaseTableViewController.m in Sources */ = {isa = PBXBuildFile; fileRef = 066A181E26D3A3FA0058085F /* BaseTableViewController.m */; };
		066A184D26D3A3FA0058085F /* BasePickerViewController.m in Sources */ = {isa = PBXBuildFile; fileRef = 066A181F26D3A3FA0058085F /* BasePickerViewController.m */; };
		066A184E26D3A3FA0058085F /* BaseEmptyDelegator.m in Sources */ = {isa = PBXBuildFile; fileRef = 066A182026D3A3FA0058085F /* BaseEmptyDelegator.m */; };
		066A184F26D3A3FA0058085F /* BaseViewController.m in Sources */ = {isa = PBXBuildFile; fileRef = 066A182126D3A3FA0058085F /* BaseViewController.m */; };
		066A185026D3A3FA0058085F /* BaseTableViewCell.m in Sources */ = {isa = PBXBuildFile; fileRef = 066A182926D3A3FA0058085F /* BaseTableViewCell.m */; };
		066A185126D3A3FA0058085F /* BaseView.m in Sources */ = {isa = PBXBuildFile; fileRef = 066A182A26D3A3FA0058085F /* BaseView.m */; };
		066A185226D3A3FA0058085F /* BaseImageView.m in Sources */ = {isa = PBXBuildFile; fileRef = 066A182E26D3A3FA0058085F /* BaseImageView.m */; };
		066A185326D3A3FA0058085F /* BaseTextView.m in Sources */ = {isa = PBXBuildFile; fileRef = 066A183126D3A3FA0058085F /* BaseTextView.m */; };
		066A185426D3A3FA0058085F /* BaseCollectionViewCell.m in Sources */ = {isa = PBXBuildFile; fileRef = 066A183226D3A3FA0058085F /* BaseCollectionViewCell.m */; };
		066A185526D3A3FA0058085F /* BaseButton.m in Sources */ = {isa = PBXBuildFile; fileRef = 066A183326D3A3FA0058085F /* BaseButton.m */; };
		066A185626D3A3FA0058085F /* BaseTextField.m in Sources */ = {isa = PBXBuildFile; fileRef = 066A183426D3A3FA0058085F /* BaseTextField.m */; };
		066A185726D3A3FA0058085F /* BaseLabel.m in Sources */ = {isa = PBXBuildFile; fileRef = 066A183626D3A3FA0058085F /* BaseLabel.m */; };
		066A185826D3A3FA0058085F /* BaseNavigationViewController.m in Sources */ = {isa = PBXBuildFile; fileRef = 066A183926D3A3FA0058085F /* BaseNavigationViewController.m */; };
		066A185926D3A3FA0058085F /* BaseCollectionViewController.m in Sources */ = {isa = PBXBuildFile; fileRef = 066A183B26D3A3FA0058085F /* BaseCollectionViewController.m */; };
		066A186226D3A98B0058085F /* BKCellModel.m in Sources */ = {isa = PBXBuildFile; fileRef = 066A185D26D3A98B0058085F /* BKCellModel.m */; };
		066A186326D3A98B0058085F /* BKSearchBar.m in Sources */ = {isa = PBXBuildFile; fileRef = 066A186026D3A98B0058085F /* BKSearchBar.m */; };
		066A186826D499E70058085F /* AMRemoteDeviceInputView.m in Sources */ = {isa = PBXBuildFile; fileRef = 066A186726D499E70058085F /* AMRemoteDeviceInputView.m */; };
		066A186D26D4BD110058085F /* AMSafeCodeAlertViewController.m in Sources */ = {isa = PBXBuildFile; fileRef = 066A186C26D4BD110058085F /* AMSafeCodeAlertViewController.m */; };
		066A187326D4C1190058085F /* icon_mb_success@3x.png in Resources */ = {isa = PBXBuildFile; fileRef = 066A187026D4C1190058085F /* icon_mb_success@3x.png */; };
		066A187426D4C1190058085F /* icon_mb_success@2x.png in Resources */ = {isa = PBXBuildFile; fileRef = 066A187126D4C1190058085F /* icon_mb_success@2x.png */; };
		066A187526D4C1190058085F /* MBProgressHUD+BKAdd.m in Sources */ = {isa = PBXBuildFile; fileRef = 066A187226D4C1190058085F /* MBProgressHUD+BKAdd.m */; };
		066A187826D4DB170058085F /* AppDelegate+BKAdd.mm in Sources */ = {isa = PBXBuildFile; fileRef = 066A187726D4DB170058085F /* AppDelegate+BKAdd.mm */; };
		066A187C26D4DDD20058085F /* Localizable.strings in Resources */ = {isa = PBXBuildFile; fileRef = 066A187E26D4DDD20058085F /* Localizable.strings */; };
		066A188C26D5D8970058085F /* AMDeviceListTableViewCell.m in Sources */ = {isa = PBXBuildFile; fileRef = 066A188B26D5D8970058085F /* AMDeviceListTableViewCell.m */; };
		066A189026D5DB210058085F /* AMDevice.m in Sources */ = {isa = PBXBuildFile; fileRef = 066A188F26D5DB210058085F /* AMDevice.m */; };
		06D2AE8B26D5DEAA0092B089 /* AMSettingListTableViewCell.m in Sources */ = {isa = PBXBuildFile; fileRef = 06D2AE8A26D5DEAA0092B089 /* AMSettingListTableViewCell.m */; };
		06D2AE9026D5E3C20092B089 /* AMDeviceControlViewController.m in Sources */ = {isa = PBXBuildFile; fileRef = 06D2AE8F26D5E3C20092B089 /* AMDeviceControlViewController.m */; };
		06D2AE9426D5E3FE0092B089 /* AMDeviceControlView.m in Sources */ = {isa = PBXBuildFile; fileRef = 06D2AE9326D5E3FE0092B089 /* AMDeviceControlView.m */; };
		06D2AE9A26D60FF10092B089 /* BKFingerWaveView.m in Sources */ = {isa = PBXBuildFile; fileRef = 06D2AE9926D60FF10092B089 /* BKFingerWaveView.m */; };
		06D2AEA026D73E0E0092B089 /* AMLoginViewController.m in Sources */ = {isa = PBXBuildFile; fileRef = 06D2AE9F26D73E0E0092B089 /* AMLoginViewController.m */; };
		1823C34226E0B0AE00B0FBDD /* ConsoleProxy.mm in Sources */ = {isa = PBXBuildFile; fileRef = 1823C33626E0B0AD00B0FBDD /* ConsoleProxy.mm */; };
		1823C34326E0B0AE00B0FBDD /* MessageBusManager.mm in Sources */ = {isa = PBXBuildFile; fileRef = 1823C33A26E0B0AE00B0FBDD /* MessageBusManager.mm */; };
		1823C34426E0B0AE00B0FBDD /* LYCodeCvt.mm in Sources */ = {isa = PBXBuildFile; fileRef = 1823C33B26E0B0AE00B0FBDD /* LYCodeCvt.mm */; };
		1823C34526E0B0AE00B0FBDD /* RCProtocol.mm in Sources */ = {isa = PBXBuildFile; fileRef = 1823C33C26E0B0AE00B0FBDD /* RCProtocol.mm */; };
		1823C34B26E0BC1B00B0FBDD /* RCServerProxy.mm in Sources */ = {isa = PBXBuildFile; fileRef = 1823C34A26E0BC1B00B0FBDD /* RCServerProxy.mm */; };
		1823C35126E0CFB800B0FBDD /* CPrjSettings.mm in Sources */ = {isa = PBXBuildFile; fileRef = 1823C35026E0CFB800B0FBDD /* CPrjSettings.mm */; };
		1823C35426E0D61000B0FBDD /* CJsonHelper.mm in Sources */ = {isa = PBXBuildFile; fileRef = 1823C35326E0D61000B0FBDD /* CJsonHelper.mm */; };
		185C7DEA26E5A1BE008F4E4C /* BKIPRegionTool.m in Sources */ = {isa = PBXBuildFile; fileRef = 185C7DE926E5A1BE008F4E4C /* BKIPRegionTool.m */; };
		185C7DEC26E5AE8C008F4E4C /* AdSupport.framework in Frameworks */ = {isa = PBXBuildFile; fileRef = 185C7DEB26E5AE8C008F4E4C /* AdSupport.framework */; };
		185C7DF026E5F538008F4E4C /* LocalMessageBus.mm in Sources */ = {isa = PBXBuildFile; fileRef = 185C7DEF26E5F538008F4E4C /* LocalMessageBus.mm */; };
		1873CF2326E1B60000598361 /* GlobeFunction.mm in Sources */ = {isa = PBXBuildFile; fileRef = 1873CF2226E1B60000598361 /* GlobeFunction.mm */; };
		1873CF2626E1C44400598361 /* HttpFileDownloader.cpp in Sources */ = {isa = PBXBuildFile; fileRef = 1873CF2426E1C44400598361 /* HttpFileDownloader.cpp */; };
		1873CF2E26E1F48700598361 /* CAIMTime.mm in Sources */ = {isa = PBXBuildFile; fileRef = 1873CF2D26E1F48700598361 /* CAIMTime.mm */; };
		1873CF4C26E225D900598361 /* NetworkRequest.m in Sources */ = {isa = PBXBuildFile; fileRef = 1873CF4B26E225D900598361 /* NetworkRequest.m */; };
		1878E13626DF0B0E00E514EA /* EccCode.mm in Sources */ = {isa = PBXBuildFile; fileRef = 1878E13426DF0B0E00E514EA /* EccCode.mm */; };
		1878E13926DF175A00E514EA /* CNetTransactionEngine.mm in Sources */ = {isa = PBXBuildFile; fileRef = 1878E13826DF175A00E514EA /* CNetTransactionEngine.mm */; };
		1878E13D26DF2AF400E514EA /* CDataPacket.mm in Sources */ = {isa = PBXBuildFile; fileRef = 1878E13C26DF2AF400E514EA /* CDataPacket.mm */; };
		1878E14026DF2B6600E514EA /* PacketBase.mm in Sources */ = {isa = PBXBuildFile; fileRef = 1878E13F26DF2B6600E514EA /* PacketBase.mm */; };
		1878E14726DF514A00E514EA /* CNetClientImpl.mm in Sources */ = {isa = PBXBuildFile; fileRef = 1878E14626DF514A00E514EA /* CNetClientImpl.mm */; };
		1878E14B26DF53FA00E514EA /* CNetIPDataTransfer.mm in Sources */ = {isa = PBXBuildFile; fileRef = 1878E14A26DF53FA00E514EA /* CNetIPDataTransfer.mm */; };
		1878E14E26DF580400E514EA /* CNetEndpoint.mm in Sources */ = {isa = PBXBuildFile; fileRef = 1878E14D26DF580400E514EA /* CNetEndpoint.mm */; };
		1878E15126DF60A100E514EA /* Timer.mm in Sources */ = {isa = PBXBuildFile; fileRef = 1878E15026DF60A100E514EA /* Timer.mm */; };
		1878E15626DF84F200E514EA /* Log.mm in Sources */ = {isa = PBXBuildFile; fileRef = 1878E15526DF84F200E514EA /* Log.mm */; };
		B77A38CCB1E25CE910A34D64 /* Pods_AnyViewer.framework in Frameworks */ = {isa = PBXBuildFile; fileRef = EE5443E85D4D6AB9B1489827 /* Pods_AnyViewer.framework */; };
/* End PBXBuildFile section */

/* Begin PBXFileReference section */
		066A171126D39FE90058085F /* AnyViewer.app */ = {isa = PBXFileReference; explicitFileType = wrapper.application; includeInIndex = 0; path = AnyViewer.app; sourceTree = BUILT_PRODUCTS_DIR; };
		066A171426D39FE90058085F /* AppDelegate.h */ = {isa = PBXFileReference; lastKnownFileType = sourcecode.c.h; path = AppDelegate.h; sourceTree = "<group>"; };
		066A171526D39FE90058085F /* AppDelegate.m */ = {isa = PBXFileReference; lastKnownFileType = sourcecode.c.objc; path = AppDelegate.m; sourceTree = "<group>"; };
		066A172026D39FED0058085F /* Assets.xcassets */ = {isa = PBXFileReference; lastKnownFileType = folder.assetcatalog; path = Assets.xcassets; sourceTree = "<group>"; };
		066A172326D39FED0058085F /* Base */ = {isa = PBXFileReference; lastKnownFileType = file.storyboard; name = Base; path = Base.lproj/LaunchScreen.storyboard; sourceTree = "<group>"; };
		066A172526D39FED0058085F /* Info.plist */ = {isa = PBXFileReference; lastKnownFileType = text.plist.xml; path = Info.plist; sourceTree = "<group>"; };
		066A172626D39FED0058085F /* main.m */ = {isa = PBXFileReference; lastKnownFileType = sourcecode.c.objc; path = main.m; sourceTree = "<group>"; };
		066A172F26D3A0AE0058085F /* AMTabBarViewController.h */ = {isa = PBXFileReference; lastKnownFileType = sourcecode.c.h; path = AMTabBarViewController.h; sourceTree = "<group>"; };
		066A173026D3A0AE0058085F /* AMTabBarViewController.m */ = {isa = PBXFileReference; lastKnownFileType = sourcecode.c.objc; path = AMTabBarViewController.m; sourceTree = "<group>"; };
		066A173626D3A12C0058085F /* AMDeviceViewController.h */ = {isa = PBXFileReference; lastKnownFileType = sourcecode.c.h; path = AMDeviceViewController.h; sourceTree = "<group>"; };
		066A173726D3A12C0058085F /* AMDeviceViewController.m */ = {isa = PBXFileReference; lastKnownFileType = sourcecode.c.objc; path = AMDeviceViewController.m; sourceTree = "<group>"; };
		066A173926D3A14B0058085F /* AMConnectViewController.h */ = {isa = PBXFileReference; explicitFileType = sourcecode.cpp.objcpp; path = AMConnectViewController.h; sourceTree = "<group>"; };
		066A173A26D3A14B0058085F /* AMConnectViewController.mm */ = {isa = PBXFileReference; lastKnownFileType = sourcecode.cpp.objcpp; path = AMConnectViewController.mm; sourceTree = "<group>"; };
		066A173C26D3A1560058085F /* AMSettingViewController.h */ = {isa = PBXFileReference; lastKnownFileType = sourcecode.c.h; path = AMSettingViewController.h; sourceTree = "<group>"; };
		066A173D26D3A1560058085F /* AMSettingViewController.m */ = {isa = PBXFileReference; lastKnownFileType = sourcecode.c.objc; path = AMSettingViewController.m; sourceTree = "<group>"; };
		066A17FE26D3A3FA0058085F /* UIFont+BKAdd.h */ = {isa = PBXFileReference; fileEncoding = 4; lastKnownFileType = sourcecode.c.h; path = "UIFont+BKAdd.h"; sourceTree = "<group>"; };
		066A180026D3A3FA0058085F /* UIViewController+Presentation.h */ = {isa = PBXFileReference; fileEncoding = 4; lastKnownFileType = sourcecode.c.h; path = "UIViewController+Presentation.h"; sourceTree = "<group>"; };
		066A180126D3A3FA0058085F /* NSDictionary+BKAdd.h */ = {isa = PBXFileReference; fileEncoding = 4; lastKnownFileType = sourcecode.c.h; path = "NSDictionary+BKAdd.h"; sourceTree = "<group>"; };
		066A180226D3A3FA0058085F /* UIImageView+BKAdd.m */ = {isa = PBXFileReference; fileEncoding = 4; lastKnownFileType = sourcecode.c.objc; path = "UIImageView+BKAdd.m"; sourceTree = "<group>"; };
		066A180326D3A3FA0058085F /* UIView+ViewController.m */ = {isa = PBXFileReference; fileEncoding = 4; lastKnownFileType = sourcecode.c.objc; path = "UIView+ViewController.m"; sourceTree = "<group>"; };
		066A180426D3A3FA0058085F /* UIScrollView+BKAdd.m */ = {isa = PBXFileReference; fileEncoding = 4; lastKnownFileType = sourcecode.c.objc; path = "UIScrollView+BKAdd.m"; sourceTree = "<group>"; };
		066A180526D3A3FA0058085F /* NSObject+BKAdd.m */ = {isa = PBXFileReference; fileEncoding = 4; lastKnownFileType = sourcecode.c.objc; path = "NSObject+BKAdd.m"; sourceTree = "<group>"; };
		066A180626D3A3FA0058085F /* NSString+BKAdd.h */ = {isa = PBXFileReference; fileEncoding = 4; lastKnownFileType = sourcecode.c.h; path = "NSString+BKAdd.h"; sourceTree = "<group>"; };
		066A180726D3A3FA0058085F /* UIView+Frame.m */ = {isa = PBXFileReference; fileEncoding = 4; lastKnownFileType = sourcecode.c.objc; path = "UIView+Frame.m"; sourceTree = "<group>"; };
		066A180826D3A3FA0058085F /* BKPresentationController.h */ = {isa = PBXFileReference; fileEncoding = 4; lastKnownFileType = sourcecode.c.h; path = BKPresentationController.h; sourceTree = "<group>"; };
		066A180926D3A3FA0058085F /* NSError+BKAdd.m */ = {isa = PBXFileReference; fileEncoding = 4; lastKnownFileType = sourcecode.c.objc; path = "NSError+BKAdd.m"; sourceTree = "<group>"; };
		066A180A26D3A3FA0058085F /* UIImage+EXIF.h */ = {isa = PBXFileReference; fileEncoding = 4; lastKnownFileType = sourcecode.c.h; path = "UIImage+EXIF.h"; sourceTree = "<group>"; };
		066A180B26D3A3FA0058085F /* NSUserDefaults+Sz.m */ = {isa = PBXFileReference; fileEncoding = 4; lastKnownFileType = sourcecode.c.objc; path = "NSUserDefaults+Sz.m"; sourceTree = "<group>"; };
		066A180C26D3A3FA0058085F /* UIButton+BKAdd.h */ = {isa = PBXFileReference; fileEncoding = 4; lastKnownFileType = sourcecode.c.h; path = "UIButton+BKAdd.h"; sourceTree = "<group>"; };
		066A180D26D3A3FA0058085F /* NSDictionary+BKAdd.m */ = {isa = PBXFileReference; fileEncoding = 4; lastKnownFileType = sourcecode.c.objc; path = "NSDictionary+BKAdd.m"; sourceTree = "<group>"; };
		066A180E26D3A3FA0058085F /* UIViewController+Presentation.m */ = {isa = PBXFileReference; fileEncoding = 4; lastKnownFileType = sourcecode.c.objc; path = "UIViewController+Presentation.m"; sourceTree = "<group>"; };
		066A181026D3A3FA0058085F /* UIFont+BKAdd.m */ = {isa = PBXFileReference; fileEncoding = 4; lastKnownFileType = sourcecode.c.objc; path = "UIFont+BKAdd.m"; sourceTree = "<group>"; };
		066A181126D3A3FA0058085F /* NSObject+BKAdd.h */ = {isa = PBXFileReference; fileEncoding = 4; lastKnownFileType = sourcecode.c.h; path = "NSObject+BKAdd.h"; sourceTree = "<group>"; };
		066A181226D3A3FA0058085F /* NSString+BKAdd.m */ = {isa = PBXFileReference; explicitFileType = sourcecode.cpp.objcpp; fileEncoding = 4; path = "NSString+BKAdd.m"; sourceTree = "<group>"; };
		066A181326D3A3FA0058085F /* UIScrollView+BKAdd.h */ = {isa = PBXFileReference; fileEncoding = 4; lastKnownFileType = sourcecode.c.h; path = "UIScrollView+BKAdd.h"; sourceTree = "<group>"; };
		066A181426D3A3FA0058085F /* UIView+ViewController.h */ = {isa = PBXFileReference; fileEncoding = 4; lastKnownFileType = sourcecode.c.h; path = "UIView+ViewController.h"; sourceTree = "<group>"; };
		066A181526D3A3FA0058085F /* UIImageView+BKAdd.h */ = {isa = PBXFileReference; fileEncoding = 4; lastKnownFileType = sourcecode.c.h; path = "UIImageView+BKAdd.h"; sourceTree = "<group>"; };
		066A181626D3A3FA0058085F /* NSError+BKAdd.h */ = {isa = PBXFileReference; fileEncoding = 4; lastKnownFileType = sourcecode.c.h; path = "NSError+BKAdd.h"; sourceTree = "<group>"; };
		066A181726D3A3FA0058085F /* BKPresentationController.m */ = {isa = PBXFileReference; fileEncoding = 4; lastKnownFileType = sourcecode.c.objc; path = BKPresentationController.m; sourceTree = "<group>"; };
		066A181826D3A3FA0058085F /* UIView+Frame.h */ = {isa = PBXFileReference; fileEncoding = 4; lastKnownFileType = sourcecode.c.h; path = "UIView+Frame.h"; sourceTree = "<group>"; };
		066A181926D3A3FA0058085F /* UIButton+BKAdd.m */ = {isa = PBXFileReference; fileEncoding = 4; lastKnownFileType = sourcecode.c.objc; path = "UIButton+BKAdd.m"; sourceTree = "<group>"; };
		066A181A26D3A3FA0058085F /* NSUserDefaults+Sz.h */ = {isa = PBXFileReference; fileEncoding = 4; lastKnownFileType = sourcecode.c.h; path = "NSUserDefaults+Sz.h"; sourceTree = "<group>"; };
		066A181B26D3A3FA0058085F /* UIImage+EXIF.m */ = {isa = PBXFileReference; fileEncoding = 4; lastKnownFileType = sourcecode.c.objc; path = "UIImage+EXIF.m"; sourceTree = "<group>"; };
		066A181D26D3A3FA0058085F /* BasePageViewController.m */ = {isa = PBXFileReference; fileEncoding = 4; lastKnownFileType = sourcecode.c.objc; path = BasePageViewController.m; sourceTree = "<group>"; };
		066A181E26D3A3FA0058085F /* BaseTableViewController.m */ = {isa = PBXFileReference; fileEncoding = 4; lastKnownFileType = sourcecode.c.objc; path = BaseTableViewController.m; sourceTree = "<group>"; };
		066A181F26D3A3FA0058085F /* BasePickerViewController.m */ = {isa = PBXFileReference; fileEncoding = 4; lastKnownFileType = sourcecode.c.objc; path = BasePickerViewController.m; sourceTree = "<group>"; };
		066A182026D3A3FA0058085F /* BaseEmptyDelegator.m */ = {isa = PBXFileReference; fileEncoding = 4; lastKnownFileType = sourcecode.c.objc; path = BaseEmptyDelegator.m; sourceTree = "<group>"; };
		066A182126D3A3FA0058085F /* BaseViewController.m */ = {isa = PBXFileReference; fileEncoding = 4; lastKnownFileType = sourcecode.c.objc; path = BaseViewController.m; sourceTree = "<group>"; };
		066A182226D3A3FA0058085F /* BaseNavigationViewController.h */ = {isa = PBXFileReference; fileEncoding = 4; lastKnownFileType = sourcecode.c.h; path = BaseNavigationViewController.h; sourceTree = "<group>"; };
		066A182326D3A3FA0058085F /* BaseCollectionViewController.h */ = {isa = PBXFileReference; fileEncoding = 4; lastKnownFileType = sourcecode.c.h; path = BaseCollectionViewController.h; sourceTree = "<group>"; };
		066A182426D3A3FA0058085F /* BaseEmptyDelegator.h */ = {isa = PBXFileReference; fileEncoding = 4; lastKnownFileType = sourcecode.c.h; path = BaseEmptyDelegator.h; sourceTree = "<group>"; };
		066A182526D3A3FA0058085F /* BasePickerViewController.h */ = {isa = PBXFileReference; fileEncoding = 4; lastKnownFileType = sourcecode.c.h; path = BasePickerViewController.h; sourceTree = "<group>"; };
		066A182626D3A3FA0058085F /* BaseTableViewController.h */ = {isa = PBXFileReference; fileEncoding = 4; lastKnownFileType = sourcecode.c.h; path = BaseTableViewController.h; sourceTree = "<group>"; };
		066A182826D3A3FA0058085F /* BaseTextView.h */ = {isa = PBXFileReference; fileEncoding = 4; lastKnownFileType = sourcecode.c.h; path = BaseTextView.h; sourceTree = "<group>"; };
		066A182926D3A3FA0058085F /* BaseTableViewCell.m */ = {isa = PBXFileReference; fileEncoding = 4; lastKnownFileType = sourcecode.c.objc; path = BaseTableViewCell.m; sourceTree = "<group>"; };
		066A182A26D3A3FA0058085F /* BaseView.m */ = {isa = PBXFileReference; fileEncoding = 4; lastKnownFileType = sourcecode.c.objc; path = BaseView.m; sourceTree = "<group>"; };
		066A182B26D3A3FA0058085F /* BaseTextField.h */ = {isa = PBXFileReference; fileEncoding = 4; lastKnownFileType = sourcecode.c.h; path = BaseTextField.h; sourceTree = "<group>"; };
		066A182C26D3A3FA0058085F /* BaseButton.h */ = {isa = PBXFileReference; fileEncoding = 4; lastKnownFileType = sourcecode.c.h; path = BaseButton.h; sourceTree = "<group>"; };
		066A182D26D3A3FA0058085F /* BaseCollectionViewCell.h */ = {isa = PBXFileReference; fileEncoding = 4; lastKnownFileType = sourcecode.c.h; path = BaseCollectionViewCell.h; sourceTree = "<group>"; };
		066A182E26D3A3FA0058085F /* BaseImageView.m */ = {isa = PBXFileReference; fileEncoding = 4; lastKnownFileType = sourcecode.c.objc; path = BaseImageView.m; sourceTree = "<group>"; };
		066A182F26D3A3FA0058085F /* BaseLabel.h */ = {isa = PBXFileReference; fileEncoding = 4; lastKnownFileType = sourcecode.c.h; path = BaseLabel.h; sourceTree = "<group>"; };
		066A183026D3A3FA0058085F /* BaseTableViewCell.h */ = {isa = PBXFileReference; fileEncoding = 4; lastKnownFileType = sourcecode.c.h; path = BaseTableViewCell.h; sourceTree = "<group>"; };
		066A183126D3A3FA0058085F /* BaseTextView.m */ = {isa = PBXFileReference; fileEncoding = 4; lastKnownFileType = sourcecode.c.objc; path = BaseTextView.m; sourceTree = "<group>"; };
		066A183226D3A3FA0058085F /* BaseCollectionViewCell.m */ = {isa = PBXFileReference; fileEncoding = 4; lastKnownFileType = sourcecode.c.objc; path = BaseCollectionViewCell.m; sourceTree = "<group>"; };
		066A183326D3A3FA0058085F /* BaseButton.m */ = {isa = PBXFileReference; fileEncoding = 4; lastKnownFileType = sourcecode.c.objc; path = BaseButton.m; sourceTree = "<group>"; };
		066A183426D3A3FA0058085F /* BaseTextField.m */ = {isa = PBXFileReference; fileEncoding = 4; lastKnownFileType = sourcecode.c.objc; path = BaseTextField.m; sourceTree = "<group>"; };
		066A183526D3A3FA0058085F /* BaseView.h */ = {isa = PBXFileReference; fileEncoding = 4; lastKnownFileType = sourcecode.c.h; path = BaseView.h; sourceTree = "<group>"; };
		066A183626D3A3FA0058085F /* BaseLabel.m */ = {isa = PBXFileReference; fileEncoding = 4; lastKnownFileType = sourcecode.c.objc; path = BaseLabel.m; sourceTree = "<group>"; };
		066A183726D3A3FA0058085F /* BaseImageView.h */ = {isa = PBXFileReference; fileEncoding = 4; lastKnownFileType = sourcecode.c.h; path = BaseImageView.h; sourceTree = "<group>"; };
		066A183826D3A3FA0058085F /* BasePageViewController.h */ = {isa = PBXFileReference; fileEncoding = 4; lastKnownFileType = sourcecode.c.h; path = BasePageViewController.h; sourceTree = "<group>"; };
		066A183926D3A3FA0058085F /* BaseNavigationViewController.m */ = {isa = PBXFileReference; fileEncoding = 4; lastKnownFileType = sourcecode.c.objc; path = BaseNavigationViewController.m; sourceTree = "<group>"; };
		066A183A26D3A3FA0058085F /* BaseViewController.h */ = {isa = PBXFileReference; fileEncoding = 4; lastKnownFileType = sourcecode.c.h; path = BaseViewController.h; sourceTree = "<group>"; };
		066A183B26D3A3FA0058085F /* BaseCollectionViewController.m */ = {isa = PBXFileReference; fileEncoding = 4; lastKnownFileType = sourcecode.c.objc; path = BaseCollectionViewController.m; sourceTree = "<group>"; };
		066A185A26D3A5B30058085F /* PrefixHeader.pch */ = {isa = PBXFileReference; lastKnownFileType = sourcecode.c.h; path = PrefixHeader.pch; sourceTree = "<group>"; };
		066A185B26D3A6990058085F /* ConstHeader.h */ = {isa = PBXFileReference; lastKnownFileType = sourcecode.c.h; path = ConstHeader.h; sourceTree = "<group>"; };
		066A185D26D3A98B0058085F /* BKCellModel.m */ = {isa = PBXFileReference; fileEncoding = 4; lastKnownFileType = sourcecode.c.objc; path = BKCellModel.m; sourceTree = "<group>"; };
		066A185E26D3A98B0058085F /* BKCellModel.h */ = {isa = PBXFileReference; fileEncoding = 4; lastKnownFileType = sourcecode.c.h; path = BKCellModel.h; sourceTree = "<group>"; };
		066A186026D3A98B0058085F /* BKSearchBar.m */ = {isa = PBXFileReference; fileEncoding = 4; lastKnownFileType = sourcecode.c.objc; path = BKSearchBar.m; sourceTree = "<group>"; };
		066A186126D3A98B0058085F /* BKSearchBar.h */ = {isa = PBXFileReference; fileEncoding = 4; lastKnownFileType = sourcecode.c.h; path = BKSearchBar.h; sourceTree = "<group>"; };
		066A186626D499E70058085F /* AMRemoteDeviceInputView.h */ = {isa = PBXFileReference; lastKnownFileType = sourcecode.c.h; path = AMRemoteDeviceInputView.h; sourceTree = "<group>"; };
		066A186726D499E70058085F /* AMRemoteDeviceInputView.m */ = {isa = PBXFileReference; lastKnownFileType = sourcecode.c.objc; path = AMRemoteDeviceInputView.m; sourceTree = "<group>"; };
		066A186B26D4BD110058085F /* AMSafeCodeAlertViewController.h */ = {isa = PBXFileReference; lastKnownFileType = sourcecode.c.h; path = AMSafeCodeAlertViewController.h; sourceTree = "<group>"; };
		066A186C26D4BD110058085F /* AMSafeCodeAlertViewController.m */ = {isa = PBXFileReference; lastKnownFileType = sourcecode.c.objc; path = AMSafeCodeAlertViewController.m; sourceTree = "<group>"; };
		066A186F26D4C1190058085F /* MBProgressHUD+BKAdd.h */ = {isa = PBXFileReference; fileEncoding = 4; lastKnownFileType = sourcecode.c.h; path = "MBProgressHUD+BKAdd.h"; sourceTree = "<group>"; };
		066A187026D4C1190058085F /* icon_mb_success@3x.png */ = {isa = PBXFileReference; lastKnownFileType = image.png; path = "icon_mb_success@3x.png"; sourceTree = "<group>"; };
		066A187126D4C1190058085F /* icon_mb_success@2x.png */ = {isa = PBXFileReference; lastKnownFileType = image.png; path = "icon_mb_success@2x.png"; sourceTree = "<group>"; };
		066A187226D4C1190058085F /* MBProgressHUD+BKAdd.m */ = {isa = PBXFileReference; fileEncoding = 4; lastKnownFileType = sourcecode.c.objc; path = "MBProgressHUD+BKAdd.m"; sourceTree = "<group>"; };
		066A187626D4DB170058085F /* AppDelegate+BKAdd.h */ = {isa = PBXFileReference; lastKnownFileType = sourcecode.c.h; path = "AppDelegate+BKAdd.h"; sourceTree = "<group>"; };
		066A187726D4DB170058085F /* AppDelegate+BKAdd.mm */ = {isa = PBXFileReference; lastKnownFileType = sourcecode.cpp.objcpp; path = "AppDelegate+BKAdd.mm"; sourceTree = "<group>"; };
		066A187D26D4DDD20058085F /* en */ = {isa = PBXFileReference; lastKnownFileType = text.plist.strings; name = en; path = en.lproj/Localizable.strings; sourceTree = "<group>"; };
		066A187F26D4DE170058085F /* zh-Hans */ = {isa = PBXFileReference; lastKnownFileType = text.plist.strings; name = "zh-Hans"; path = "zh-Hans.lproj/LaunchScreen.strings"; sourceTree = "<group>"; };
		066A188026D4DE170058085F /* zh-Hans */ = {isa = PBXFileReference; lastKnownFileType = text.plist.strings; name = "zh-Hans"; path = "zh-Hans.lproj/Localizable.strings"; sourceTree = "<group>"; };
		066A188126D4DE560058085F /* ja */ = {isa = PBXFileReference; lastKnownFileType = text.plist.strings; name = ja; path = ja.lproj/LaunchScreen.strings; sourceTree = "<group>"; };
		066A188226D4DE560058085F /* ja */ = {isa = PBXFileReference; lastKnownFileType = text.plist.strings; name = ja; path = ja.lproj/Localizable.strings; sourceTree = "<group>"; };
		066A188326D4DE680058085F /* de */ = {isa = PBXFileReference; lastKnownFileType = text.plist.strings; name = de; path = de.lproj/LaunchScreen.strings; sourceTree = "<group>"; };
		066A188426D4DE690058085F /* de */ = {isa = PBXFileReference; lastKnownFileType = text.plist.strings; name = de; path = de.lproj/Localizable.strings; sourceTree = "<group>"; };
		066A188A26D5D8970058085F /* AMDeviceListTableViewCell.h */ = {isa = PBXFileReference; lastKnownFileType = sourcecode.c.h; path = AMDeviceListTableViewCell.h; sourceTree = "<group>"; };
		066A188B26D5D8970058085F /* AMDeviceListTableViewCell.m */ = {isa = PBXFileReference; lastKnownFileType = sourcecode.c.objc; path = AMDeviceListTableViewCell.m; sourceTree = "<group>"; };
		066A188E26D5DB210058085F /* AMDevice.h */ = {isa = PBXFileReference; lastKnownFileType = sourcecode.c.h; path = AMDevice.h; sourceTree = "<group>"; };
		066A188F26D5DB210058085F /* AMDevice.m */ = {isa = PBXFileReference; lastKnownFileType = sourcecode.c.objc; path = AMDevice.m; sourceTree = "<group>"; };
		06D2AE8926D5DEAA0092B089 /* AMSettingListTableViewCell.h */ = {isa = PBXFileReference; lastKnownFileType = sourcecode.c.h; path = AMSettingListTableViewCell.h; sourceTree = "<group>"; };
		06D2AE8A26D5DEAA0092B089 /* AMSettingListTableViewCell.m */ = {isa = PBXFileReference; lastKnownFileType = sourcecode.c.objc; path = AMSettingListTableViewCell.m; sourceTree = "<group>"; };
		06D2AE8E26D5E3C20092B089 /* AMDeviceControlViewController.h */ = {isa = PBXFileReference; lastKnownFileType = sourcecode.c.h; path = AMDeviceControlViewController.h; sourceTree = "<group>"; };
		06D2AE8F26D5E3C20092B089 /* AMDeviceControlViewController.m */ = {isa = PBXFileReference; lastKnownFileType = sourcecode.c.objc; path = AMDeviceControlViewController.m; sourceTree = "<group>"; };
		06D2AE9226D5E3FE0092B089 /* AMDeviceControlView.h */ = {isa = PBXFileReference; lastKnownFileType = sourcecode.c.h; path = AMDeviceControlView.h; sourceTree = "<group>"; };
		06D2AE9326D5E3FE0092B089 /* AMDeviceControlView.m */ = {isa = PBXFileReference; lastKnownFileType = sourcecode.c.objc; path = AMDeviceControlView.m; sourceTree = "<group>"; };
		06D2AE9826D60FF10092B089 /* BKFingerWaveView.h */ = {isa = PBXFileReference; lastKnownFileType = sourcecode.c.h; path = BKFingerWaveView.h; sourceTree = "<group>"; };
		06D2AE9926D60FF10092B089 /* BKFingerWaveView.m */ = {isa = PBXFileReference; lastKnownFileType = sourcecode.c.objc; path = BKFingerWaveView.m; sourceTree = "<group>"; };
		06D2AE9E26D73E0E0092B089 /* AMLoginViewController.h */ = {isa = PBXFileReference; lastKnownFileType = sourcecode.c.h; path = AMLoginViewController.h; sourceTree = "<group>"; };
		06D2AE9F26D73E0E0092B089 /* AMLoginViewController.m */ = {isa = PBXFileReference; lastKnownFileType = sourcecode.c.objc; path = AMLoginViewController.m; sourceTree = "<group>"; };
		1822655D26D8E3580044EE7F /* libc++.tbd */ = {isa = PBXFileReference; lastKnownFileType = "sourcecode.text-based-dylib-definition"; name = "libc++.tbd"; path = "usr/lib/libc++.tbd"; sourceTree = SDKROOT; };
		1823C31926E0709D00B0FBDD /* libboost_signals.a */ = {isa = PBXFileReference; lastKnownFileType = archive.ar; path = libboost_signals.a; sourceTree = "<group>"; };
		1823C31A26E0709D00B0FBDD /* libboost_iostreams.a */ = {isa = PBXFileReference; lastKnownFileType = archive.ar; path = libboost_iostreams.a; sourceTree = "<group>"; };
		1823C31B26E0709D00B0FBDD /* libboost_thread.a */ = {isa = PBXFileReference; lastKnownFileType = archive.ar; path = libboost_thread.a; sourceTree = "<group>"; };
		1823C31C26E0709D00B0FBDD /* libboost_timer.a */ = {isa = PBXFileReference; lastKnownFileType = archive.ar; path = libboost_timer.a; sourceTree = "<group>"; };
		1823C31D26E0709D00B0FBDD /* libboost_atomic.a */ = {isa = PBXFileReference; lastKnownFileType = archive.ar; path = libboost_atomic.a; sourceTree = "<group>"; };
		1823C31E26E0709D00B0FBDD /* libboost_date_time.a */ = {isa = PBXFileReference; lastKnownFileType = archive.ar; path = libboost_date_time.a; sourceTree = "<group>"; };
		1823C31F26E0709D00B0FBDD /* libboost_system.a */ = {isa = PBXFileReference; lastKnownFileType = archive.ar; path = libboost_system.a; sourceTree = "<group>"; };
		1823C32026E0709D00B0FBDD /* libboost_exception.a */ = {isa = PBXFileReference; lastKnownFileType = archive.ar; path = libboost_exception.a; sourceTree = "<group>"; };
		1823C32126E0709D00B0FBDD /* libboost_regex.a */ = {isa = PBXFileReference; lastKnownFileType = archive.ar; path = libboost_regex.a; sourceTree = "<group>"; };
		1823C32226E0709D00B0FBDD /* libboost_wserialization.a */ = {isa = PBXFileReference; lastKnownFileType = archive.ar; path = libboost_wserialization.a; sourceTree = "<group>"; };
		1823C32326E0709D00B0FBDD /* libboost_filesystem.a */ = {isa = PBXFileReference; lastKnownFileType = archive.ar; path = libboost_filesystem.a; sourceTree = "<group>"; };
		1823C32426E0709D00B0FBDD /* libboost_chrono.a */ = {isa = PBXFileReference; lastKnownFileType = archive.ar; path = libboost_chrono.a; sourceTree = "<group>"; };
		1823C32526E0709D00B0FBDD /* libboost_serialization.a */ = {isa = PBXFileReference; lastKnownFileType = archive.ar; path = libboost_serialization.a; sourceTree = "<group>"; };
		1823C32826E07C8A00B0FBDD /* libboost_filesystem.a */ = {isa = PBXFileReference; lastKnownFileType = archive.ar; name = libboost_filesystem.a; path = "../../../../usr/local/lib/boost-ios/boost/libboost_filesystem.a"; sourceTree = "<group>"; };
		1823C32926E07C8A00B0FBDD /* libboost_system.a */ = {isa = PBXFileReference; lastKnownFileType = archive.ar; name = libboost_system.a; path = "../../../../usr/local/lib/boost-ios/boost/libboost_system.a"; sourceTree = "<group>"; };
		1823C32A26E07C8A00B0FBDD /* libboost_exception.a */ = {isa = PBXFileReference; lastKnownFileType = archive.ar; name = libboost_exception.a; path = "../../../../usr/local/lib/boost-ios/boost/libboost_exception.a"; sourceTree = "<group>"; };
		1823C33126E0AAE500B0FBDD /* EnumHeader.h */ = {isa = PBXFileReference; explicitFileType = sourcecode.cpp.objcpp; path = EnumHeader.h; sourceTree = "<group>"; };
		1823C33226E0AB9100B0FBDD /* StructHeader.h */ = {isa = PBXFileReference; explicitFileType = sourcecode.cpp.objcpp; path = StructHeader.h; sourceTree = "<group>"; };
		1823C33326E0AC1900B0FBDD /* FuncHeader.h */ = {isa = PBXFileReference; explicitFileType = sourcecode.cpp.objcpp; path = FuncHeader.h; sourceTree = "<group>"; };
		1823C33526E0B0AD00B0FBDD /* RCProtocol.h */ = {isa = PBXFileReference; fileEncoding = 4; lastKnownFileType = sourcecode.c.h; path = RCProtocol.h; sourceTree = "<group>"; };
		1823C33626E0B0AD00B0FBDD /* ConsoleProxy.mm */ = {isa = PBXFileReference; fileEncoding = 4; lastKnownFileType = sourcecode.cpp.objcpp; path = ConsoleProxy.mm; sourceTree = "<group>"; };
		1823C33726E0B0AD00B0FBDD /* SDPFactory.h */ = {isa = PBXFileReference; fileEncoding = 4; lastKnownFileType = sourcecode.c.h; path = SDPFactory.h; sourceTree = "<group>"; };
		1823C33826E0B0AD00B0FBDD /* LYCodeCvt.h */ = {isa = PBXFileReference; fileEncoding = 4; lastKnownFileType = sourcecode.c.h; path = LYCodeCvt.h; sourceTree = "<group>"; };
		1823C33926E0B0AD00B0FBDD /* ConsoleProxy.h */ = {isa = PBXFileReference; explicitFileType = sourcecode.cpp.objcpp; fileEncoding = 4; path = ConsoleProxy.h; sourceTree = "<group>"; };
		1823C33A26E0B0AE00B0FBDD /* MessageBusManager.mm */ = {isa = PBXFileReference; fileEncoding = 4; lastKnownFileType = sourcecode.cpp.objcpp; path = MessageBusManager.mm; sourceTree = "<group>"; };
		1823C33B26E0B0AE00B0FBDD /* LYCodeCvt.mm */ = {isa = PBXFileReference; fileEncoding = 4; lastKnownFileType = sourcecode.cpp.objcpp; path = LYCodeCvt.mm; sourceTree = "<group>"; };
		1823C33C26E0B0AE00B0FBDD /* RCProtocol.mm */ = {isa = PBXFileReference; fileEncoding = 4; lastKnownFileType = sourcecode.cpp.objcpp; path = RCProtocol.mm; sourceTree = "<group>"; };
		1823C33D26E0B0AE00B0FBDD /* JsonSerializer.h */ = {isa = PBXFileReference; fileEncoding = 4; lastKnownFileType = sourcecode.c.h; path = JsonSerializer.h; sourceTree = "<group>"; };
		1823C33E26E0B0AE00B0FBDD /* SDPFunctionTraits.h */ = {isa = PBXFileReference; explicitFileType = sourcecode.cpp.objcpp; fileEncoding = 4; path = SDPFunctionTraits.h; sourceTree = "<group>"; };
		1823C33F26E0B0AE00B0FBDD /* MessageBusManager.h */ = {isa = PBXFileReference; fileEncoding = 4; lastKnownFileType = sourcecode.c.h; path = MessageBusManager.h; sourceTree = "<group>"; };
		1823C34026E0B0AE00B0FBDD /* SDPSingleton.h */ = {isa = PBXFileReference; fileEncoding = 4; lastKnownFileType = sourcecode.c.h; path = SDPSingleton.h; sourceTree = "<group>"; };
		1823C34126E0B0AE00B0FBDD /* SDPMessageBus.h */ = {isa = PBXFileReference; fileEncoding = 4; lastKnownFileType = sourcecode.c.h; path = SDPMessageBus.h; sourceTree = "<group>"; };
		1823C34926E0BC1B00B0FBDD /* RCServerProxy.h */ = {isa = PBXFileReference; explicitFileType = sourcecode.cpp.objcpp; path = RCServerProxy.h; sourceTree = "<group>"; };
		1823C34A26E0BC1B00B0FBDD /* RCServerProxy.mm */ = {isa = PBXFileReference; explicitFileType = sourcecode.cpp.objcpp; path = RCServerProxy.mm; sourceTree = "<group>"; };
		1823C34F26E0CFB800B0FBDD /* CPrjSettings.h */ = {isa = PBXFileReference; explicitFileType = sourcecode.cpp.objcpp; path = CPrjSettings.h; sourceTree = "<group>"; };
		1823C35026E0CFB800B0FBDD /* CPrjSettings.mm */ = {isa = PBXFileReference; lastKnownFileType = sourcecode.cpp.objcpp; name = CPrjSettings.mm; path = "../New Group/CPrjSettings.mm"; sourceTree = "<group>"; };
		1823C35226E0D61000B0FBDD /* CJsonHelper.h */ = {isa = PBXFileReference; explicitFileType = sourcecode.cpp.objcpp; path = CJsonHelper.h; sourceTree = "<group>"; };
		1823C35326E0D61000B0FBDD /* CJsonHelper.mm */ = {isa = PBXFileReference; lastKnownFileType = sourcecode.cpp.objcpp; path = CJsonHelper.mm; sourceTree = "<group>"; };
		185C7DE826E5A1BE008F4E4C /* BKIPRegionTool.h */ = {isa = PBXFileReference; fileEncoding = 4; lastKnownFileType = sourcecode.c.h; path = BKIPRegionTool.h; sourceTree = "<group>"; };
		185C7DE926E5A1BE008F4E4C /* BKIPRegionTool.m */ = {isa = PBXFileReference; fileEncoding = 4; lastKnownFileType = sourcecode.c.objc; path = BKIPRegionTool.m; sourceTree = "<group>"; };
		185C7DEB26E5AE8C008F4E4C /* AdSupport.framework */ = {isa = PBXFileReference; lastKnownFileType = wrapper.framework; name = AdSupport.framework; path = System/Library/Frameworks/AdSupport.framework; sourceTree = SDKROOT; };
		185C7DED26E5B2DC008F4E4C /* AnyViewer.entitlements */ = {isa = PBXFileReference; lastKnownFileType = text.plist.entitlements; path = AnyViewer.entitlements; sourceTree = "<group>"; };
		185C7DEE26E5F538008F4E4C /* LocalMessageBus.h */ = {isa = PBXFileReference; explicitFileType = sourcecode.cpp.objcpp; path = LocalMessageBus.h; sourceTree = "<group>"; };
		185C7DEF26E5F538008F4E4C /* LocalMessageBus.mm */ = {isa = PBXFileReference; lastKnownFileType = sourcecode.cpp.objcpp; path = LocalMessageBus.mm; sourceTree = "<group>"; };
		1873CF2126E1B60000598361 /* GlobeFunction.h */ = {isa = PBXFileReference; explicitFileType = sourcecode.cpp.objcpp; path = GlobeFunction.h; sourceTree = "<group>"; };
		1873CF2226E1B60000598361 /* GlobeFunction.mm */ = {isa = PBXFileReference; lastKnownFileType = sourcecode.cpp.objcpp; path = GlobeFunction.mm; sourceTree = "<group>"; };
		1873CF2426E1C44400598361 /* HttpFileDownloader.cpp */ = {isa = PBXFileReference; fileEncoding = 4; lastKnownFileType = sourcecode.cpp.cpp; path = HttpFileDownloader.cpp; sourceTree = "<group>"; };
		1873CF2526E1C44400598361 /* HttpFileDownloader.h */ = {isa = PBXFileReference; explicitFileType = sourcecode.cpp.objcpp; fileEncoding = 4; path = HttpFileDownloader.h; sourceTree = "<group>"; };
		1873CF2C26E1F48700598361 /* CAIMTime.h */ = {isa = PBXFileReference; explicitFileType = sourcecode.cpp.objcpp; path = CAIMTime.h; sourceTree = "<group>"; };
		1873CF2D26E1F48700598361 /* CAIMTime.mm */ = {isa = PBXFileReference; lastKnownFileType = sourcecode.cpp.objcpp; path = CAIMTime.mm; sourceTree = "<group>"; };
		1873CF2F26E2076000598361 /* ZJCurl.framework */ = {isa = PBXFileReference; explicitFileType = wrapper.framework; path = ZJCurl.framework; sourceTree = BUILT_PRODUCTS_DIR; };
		1873CF3626E219FA00598361 /* libboost_atomic.a */ = {isa = PBXFileReference; lastKnownFileType = archive.ar; name = libboost_atomic.a; path = "../../../../usr/local/lib/boost-ios/boost/libboost_atomic.a"; sourceTree = "<group>"; };
		1873CF3726E219FA00598361 /* libboost_date_time.a */ = {isa = PBXFileReference; lastKnownFileType = archive.ar; name = libboost_date_time.a; path = "../../../../usr/local/lib/boost-ios/boost/libboost_date_time.a"; sourceTree = "<group>"; };
		1873CF3826E219FA00598361 /* libboost_serialization.a */ = {isa = PBXFileReference; lastKnownFileType = archive.ar; name = libboost_serialization.a; path = "../../../../usr/local/lib/boost-ios/boost/libboost_serialization.a"; sourceTree = "<group>"; };
		1873CF3926E219FA00598361 /* libboost_regex.a */ = {isa = PBXFileReference; lastKnownFileType = archive.ar; name = libboost_regex.a; path = "../../../../usr/local/lib/boost-ios/boost/libboost_regex.a"; sourceTree = "<group>"; };
		1873CF3A26E219FB00598361 /* libboost_timer.a */ = {isa = PBXFileReference; lastKnownFileType = archive.ar; name = libboost_timer.a; path = "../../../../usr/local/lib/boost-ios/boost/libboost_timer.a"; sourceTree = "<group>"; };
		1873CF3B26E219FB00598361 /* libboost_chrono.a */ = {isa = PBXFileReference; lastKnownFileType = archive.ar; name = libboost_chrono.a; path = "../../../../usr/local/lib/boost-ios/boost/libboost_chrono.a"; sourceTree = "<group>"; };
		1873CF3C26E219FB00598361 /* libboost_thread.a */ = {isa = PBXFileReference; lastKnownFileType = archive.ar; name = libboost_thread.a; path = "../../../../usr/local/lib/boost-ios/boost/libboost_thread.a"; sourceTree = "<group>"; };
		1873CF3D26E219FB00598361 /* libboost_iostreams.a */ = {isa = PBXFileReference; lastKnownFileType = archive.ar; name = libboost_iostreams.a; path = "../../../../usr/local/lib/boost-ios/boost/libboost_iostreams.a"; sourceTree = "<group>"; };
		1873CF3E26E219FB00598361 /* libboost_signals.a */ = {isa = PBXFileReference; lastKnownFileType = archive.ar; name = libboost_signals.a; path = "../../../../usr/local/lib/boost-ios/boost/libboost_signals.a"; sourceTree = "<group>"; };
		1873CF3F26E219FB00598361 /* libboost_wserialization.a */ = {isa = PBXFileReference; lastKnownFileType = archive.ar; name = libboost_wserialization.a; path = "../../../../usr/local/lib/boost-ios/boost/libboost_wserialization.a"; sourceTree = "<group>"; };
		1873CF4A26E225D900598361 /* NetworkRequest.h */ = {isa = PBXFileReference; lastKnownFileType = sourcecode.c.h; path = NetworkRequest.h; sourceTree = "<group>"; };
		1873CF4B26E225D900598361 /* NetworkRequest.m */ = {isa = PBXFileReference; lastKnownFileType = sourcecode.c.objc; path = NetworkRequest.m; sourceTree = "<group>"; };
		1878E13426DF0B0E00E514EA /* EccCode.mm */ = {isa = PBXFileReference; fileEncoding = 4; lastKnownFileType = sourcecode.cpp.objcpp; path = EccCode.mm; sourceTree = "<group>"; };
		1878E13526DF0B0E00E514EA /* EccCode.h */ = {isa = PBXFileReference; fileEncoding = 4; lastKnownFileType = sourcecode.c.h; path = EccCode.h; sourceTree = "<group>"; };
		1878E13726DF175A00E514EA /* CNetTransactionEngine.h */ = {isa = PBXFileReference; explicitFileType = sourcecode.cpp.objcpp; path = CNetTransactionEngine.h; sourceTree = "<group>"; };
		1878E13826DF175A00E514EA /* CNetTransactionEngine.mm */ = {isa = PBXFileReference; lastKnownFileType = sourcecode.cpp.objcpp; path = CNetTransactionEngine.mm; sourceTree = "<group>"; };
		1878E13B26DF2AF400E514EA /* CDataPacket.h */ = {isa = PBXFileReference; lastKnownFileType = sourcecode.c.h; path = CDataPacket.h; sourceTree = "<group>"; };
		1878E13C26DF2AF400E514EA /* CDataPacket.mm */ = {isa = PBXFileReference; lastKnownFileType = sourcecode.cpp.objcpp; path = CDataPacket.mm; sourceTree = "<group>"; };
		1878E13E26DF2B6600E514EA /* PacketBase.h */ = {isa = PBXFileReference; lastKnownFileType = sourcecode.c.h; path = PacketBase.h; sourceTree = "<group>"; };
		1878E13F26DF2B6600E514EA /* PacketBase.mm */ = {isa = PBXFileReference; lastKnownFileType = sourcecode.cpp.objcpp; path = PacketBase.mm; sourceTree = "<group>"; };
		1878E14126DF2BAF00E514EA /* BufferImpl.h */ = {isa = PBXFileReference; lastKnownFileType = sourcecode.c.h; path = BufferImpl.h; sourceTree = "<group>"; };
		1878E14226DF2BED00E514EA /* Typedef.h */ = {isa = PBXFileReference; explicitFileType = sourcecode.cpp.objcpp; path = Typedef.h; sourceTree = "<group>"; };
		1878E14326DF2CDE00E514EA /* MessageHeadDef.h */ = {isa = PBXFileReference; explicitFileType = sourcecode.cpp.objcpp; path = MessageHeadDef.h; sourceTree = "<group>"; };
		1878E14526DF514A00E514EA /* CNetClientImpl.h */ = {isa = PBXFileReference; explicitFileType = sourcecode.cpp.objcpp; path = CNetClientImpl.h; sourceTree = "<group>"; };
		1878E14626DF514A00E514EA /* CNetClientImpl.mm */ = {isa = PBXFileReference; lastKnownFileType = sourcecode.cpp.objcpp; path = CNetClientImpl.mm; sourceTree = "<group>"; };
		1878E14926DF53FA00E514EA /* CNetIPDataTransfer.h */ = {isa = PBXFileReference; explicitFileType = sourcecode.cpp.objcpp; path = CNetIPDataTransfer.h; sourceTree = "<group>"; };
		1878E14A26DF53FA00E514EA /* CNetIPDataTransfer.mm */ = {isa = PBXFileReference; lastKnownFileType = sourcecode.cpp.objcpp; path = CNetIPDataTransfer.mm; sourceTree = "<group>"; };
		1878E14C26DF580400E514EA /* CNetEndpoint.h */ = {isa = PBXFileReference; explicitFileType = sourcecode.cpp.objcpp; path = CNetEndpoint.h; sourceTree = "<group>"; };
		1878E14D26DF580400E514EA /* CNetEndpoint.mm */ = {isa = PBXFileReference; lastKnownFileType = sourcecode.cpp.objcpp; path = CNetEndpoint.mm; sourceTree = "<group>"; };
		1878E14F26DF60A100E514EA /* Timer.h */ = {isa = PBXFileReference; explicitFileType = sourcecode.cpp.objcpp; path = Timer.h; sourceTree = "<group>"; };
		1878E15026DF60A100E514EA /* Timer.mm */ = {isa = PBXFileReference; lastKnownFileType = sourcecode.cpp.objcpp; path = Timer.mm; sourceTree = "<group>"; };
		1878E15226DF6CE400E514EA /* CCustomThreadPool.h */ = {isa = PBXFileReference; explicitFileType = sourcecode.cpp.objcpp; path = CCustomThreadPool.h; sourceTree = "<group>"; };
		1878E15326DF6E6F00E514EA /* SyncQueue.h */ = {isa = PBXFileReference; explicitFileType = sourcecode.cpp.objcpp; path = SyncQueue.h; sourceTree = "<group>"; };
		1878E15426DF70F000E514EA /* Log.h */ = {isa = PBXFileReference; explicitFileType = sourcecode.cpp.objcpp; path = Log.h; sourceTree = "<group>"; };
		1878E15526DF84F200E514EA /* Log.mm */ = {isa = PBXFileReference; lastKnownFileType = sourcecode.cpp.objcpp; path = Log.mm; sourceTree = "<group>"; };
		1878E17826DFACC000E514EA /* libboost_filesystem.a */ = {isa = PBXFileReference; lastKnownFileType = archive.ar; name = libboost_filesystem.a; path = ../../../../usr/local/lib/libboost_filesystem.a; sourceTree = "<group>"; };
		1878E17A26DFAD3E00E514EA /* libboost_system.a */ = {isa = PBXFileReference; lastKnownFileType = archive.ar; name = libboost_system.a; path = ../../../../usr/local/lib/libboost_system.a; sourceTree = "<group>"; };
		18802C8626DCF582002B5742 /* AMSocketHeader.h */ = {isa = PBXFileReference; lastKnownFileType = sourcecode.c.h; path = AMSocketHeader.h; sourceTree = "<group>"; };
		2A3142FE145CA715D46CE841 /* Pods-AnyViewer.release.xcconfig */ = {isa = PBXFileReference; includeInIndex = 1; lastKnownFileType = text.xcconfig; name = "Pods-AnyViewer.release.xcconfig"; path = "Target Support Files/Pods-AnyViewer/Pods-AnyViewer.release.xcconfig"; sourceTree = "<group>"; };
		AE2449EFBD3D3DCBD02A2B78 /* Pods-AnyViewer.debug.xcconfig */ = {isa = PBXFileReference; includeInIndex = 1; lastKnownFileType = text.xcconfig; name = "Pods-AnyViewer.debug.xcconfig"; path = "Target Support Files/Pods-AnyViewer/Pods-AnyViewer.debug.xcconfig"; sourceTree = "<group>"; };
		EE5443E85D4D6AB9B1489827 /* Pods_AnyViewer.framework */ = {isa = PBXFileReference; explicitFileType = wrapper.framework; includeInIndex = 0; path = Pods_AnyViewer.framework; sourceTree = BUILT_PRODUCTS_DIR; };
/* End PBXFileReference section */

/* Begin PBXFrameworksBuildPhase section */
		066A170E26D39FE90058085F /* Frameworks */ = {
			isa = PBXFrameworksBuildPhase;
			buildActionMask = 2147483647;
			files = (
				185C7DEC26E5AE8C008F4E4C /* AdSupport.framework in Frameworks */,
				B77A38CCB1E25CE910A34D64 /* Pods_AnyViewer.framework in Frameworks */,
			);
			runOnlyForDeploymentPostprocessing = 0;
		};
/* End PBXFrameworksBuildPhase section */

/* Begin PBXGroup section */
		066A170826D39FE90058085F = {
			isa = PBXGroup;
			children = (
				066A171326D39FE90058085F /* AnyViewer */,
				066A171226D39FE90058085F /* Products */,
				8237733C7B2314983C62E100 /* Pods */,
				5A54F60C1753795720D82170 /* Frameworks */,
			);
			sourceTree = "<group>";
		};
		066A171226D39FE90058085F /* Products */ = {
			isa = PBXGroup;
			children = (
				066A171126D39FE90058085F /* AnyViewer.app */,
			);
			name = Products;
			sourceTree = "<group>";
		};
		066A171326D39FE90058085F /* AnyViewer */ = {
			isa = PBXGroup;
			children = (
				185C7DED26E5B2DC008F4E4C /* AnyViewer.entitlements */,
				066A172E26D3A0830058085F /* Login */,
				066A172D26D3A07B0058085F /* Root */,
				066A17FC26D3A3FA0058085F /* Support Files */,
				066A171426D39FE90058085F /* AppDelegate.h */,
				066A171526D39FE90058085F /* AppDelegate.m */,
				066A187626D4DB170058085F /* AppDelegate+BKAdd.h */,
				066A187726D4DB170058085F /* AppDelegate+BKAdd.mm */,
				066A172026D39FED0058085F /* Assets.xcassets */,
				066A172226D39FED0058085F /* LaunchScreen.storyboard */,
				066A172526D39FED0058085F /* Info.plist */,
				066A172626D39FED0058085F /* main.m */,
			);
			path = AnyViewer;
			sourceTree = "<group>";
		};
		066A172D26D3A07B0058085F /* Root */ = {
			isa = PBXGroup;
			children = (
				066A172F26D3A0AE0058085F /* AMTabBarViewController.h */,
				066A173026D3A0AE0058085F /* AMTabBarViewController.m */,
				066A173226D3A0F60058085F /* Sub */,
			);
			path = Root;
			sourceTree = "<group>";
		};
		066A172E26D3A0830058085F /* Login */ = {
			isa = PBXGroup;
			children = (
				06D2AE9E26D73E0E0092B089 /* AMLoginViewController.h */,
				06D2AE9F26D73E0E0092B089 /* AMLoginViewController.m */,
			);
			path = Login;
			sourceTree = "<group>";
		};
		066A173226D3A0F60058085F /* Sub */ = {
			isa = PBXGroup;
			children = (
				066A173526D3A10A0058085F /* Device */,
				066A173426D3A1040058085F /* Connect */,
				066A173326D3A0FB0058085F /* Setting */,
			);
			path = Sub;
			sourceTree = "<group>";
		};
		066A173326D3A0FB0058085F /* Setting */ = {
			isa = PBXGroup;
			children = (
				06D2AE8826D5DE980092B089 /* View */,
				06D2AE8726D5DE900092B089 /* Controller */,
			);
			path = Setting;
			sourceTree = "<group>";
		};
		066A173426D3A1040058085F /* Connect */ = {
			isa = PBXGroup;
			children = (
				066A186526D499AC0058085F /* View */,
				066A186426D498D40058085F /* Controller */,
				066A186926D4BCD60058085F /* Sub */,
			);
			path = Connect;
			sourceTree = "<group>";
		};
		066A173526D3A10A0058085F /* Device */ = {
			isa = PBXGroup;
			children = (
				066A188D26D5DB0C0058085F /* Model */,
				066A188926D5D8770058085F /* View */,
				066A188826D5D86E0058085F /* Controller */,
			);
			path = Device;
			sourceTree = "<group>";
		};
		066A17FC26D3A3FA0058085F /* Support Files */ = {
			isa = PBXGroup;
			children = (
				18802C8526DCF551002B5742 /* Socket */,
				066A187926D4DD7D0058085F /* Language */,
				066A185C26D3A98B0058085F /* Model */,
				066A185F26D3A98B0058085F /* Tools */,
				066A17FD26D3A3FA0058085F /* Category */,
				066A181C26D3A3FA0058085F /* Base */,
				066A185A26D3A5B30058085F /* PrefixHeader.pch */,
				066A185B26D3A6990058085F /* ConstHeader.h */,
			);
			path = "Support Files";
			sourceTree = "<group>";
		};
		066A17FD26D3A3FA0058085F /* Category */ = {
			isa = PBXGroup;
			children = (
				066A180826D3A3FA0058085F /* BKPresentationController.h */,
				066A181726D3A3FA0058085F /* BKPresentationController.m */,
				066A180126D3A3FA0058085F /* NSDictionary+BKAdd.h */,
				066A180D26D3A3FA0058085F /* NSDictionary+BKAdd.m */,
				066A181626D3A3FA0058085F /* NSError+BKAdd.h */,
				066A180926D3A3FA0058085F /* NSError+BKAdd.m */,
				066A181126D3A3FA0058085F /* NSObject+BKAdd.h */,
				066A180526D3A3FA0058085F /* NSObject+BKAdd.m */,
				066A180626D3A3FA0058085F /* NSString+BKAdd.h */,
				066A181226D3A3FA0058085F /* NSString+BKAdd.m */,
				066A181A26D3A3FA0058085F /* NSUserDefaults+Sz.h */,
				066A180B26D3A3FA0058085F /* NSUserDefaults+Sz.m */,
				066A180C26D3A3FA0058085F /* UIButton+BKAdd.h */,
				066A181926D3A3FA0058085F /* UIButton+BKAdd.m */,
				066A17FE26D3A3FA0058085F /* UIFont+BKAdd.h */,
				066A181026D3A3FA0058085F /* UIFont+BKAdd.m */,
				066A180A26D3A3FA0058085F /* UIImage+EXIF.h */,
				066A181B26D3A3FA0058085F /* UIImage+EXIF.m */,
				066A181526D3A3FA0058085F /* UIImageView+BKAdd.h */,
				066A180226D3A3FA0058085F /* UIImageView+BKAdd.m */,
				066A181326D3A3FA0058085F /* UIScrollView+BKAdd.h */,
				066A180426D3A3FA0058085F /* UIScrollView+BKAdd.m */,
				066A181826D3A3FA0058085F /* UIView+Frame.h */,
				066A180726D3A3FA0058085F /* UIView+Frame.m */,
				066A181426D3A3FA0058085F /* UIView+ViewController.h */,
				066A180326D3A3FA0058085F /* UIView+ViewController.m */,
				066A180026D3A3FA0058085F /* UIViewController+Presentation.h */,
				066A180E26D3A3FA0058085F /* UIViewController+Presentation.m */,
			);
			path = Category;
			sourceTree = "<group>";
		};
		066A181C26D3A3FA0058085F /* Base */ = {
			isa = PBXGroup;
			children = (
				066A182326D3A3FA0058085F /* BaseCollectionViewController.h */,
				066A183B26D3A3FA0058085F /* BaseCollectionViewController.m */,
				066A182426D3A3FA0058085F /* BaseEmptyDelegator.h */,
				066A182026D3A3FA0058085F /* BaseEmptyDelegator.m */,
				066A182226D3A3FA0058085F /* BaseNavigationViewController.h */,
				066A183926D3A3FA0058085F /* BaseNavigationViewController.m */,
				066A183826D3A3FA0058085F /* BasePageViewController.h */,
				066A181D26D3A3FA0058085F /* BasePageViewController.m */,
				066A182526D3A3FA0058085F /* BasePickerViewController.h */,
				066A181F26D3A3FA0058085F /* BasePickerViewController.m */,
				066A182626D3A3FA0058085F /* BaseTableViewController.h */,
				066A181E26D3A3FA0058085F /* BaseTableViewController.m */,
				066A183A26D3A3FA0058085F /* BaseViewController.h */,
				066A182126D3A3FA0058085F /* BaseViewController.m */,
				066A182726D3A3FA0058085F /* View */,
			);
			path = Base;
			sourceTree = "<group>";
		};
		066A182726D3A3FA0058085F /* View */ = {
			isa = PBXGroup;
			children = (
				066A182C26D3A3FA0058085F /* BaseButton.h */,
				066A183326D3A3FA0058085F /* BaseButton.m */,
				066A182D26D3A3FA0058085F /* BaseCollectionViewCell.h */,
				066A183226D3A3FA0058085F /* BaseCollectionViewCell.m */,
				066A183726D3A3FA0058085F /* BaseImageView.h */,
				066A182E26D3A3FA0058085F /* BaseImageView.m */,
				066A182F26D3A3FA0058085F /* BaseLabel.h */,
				066A183626D3A3FA0058085F /* BaseLabel.m */,
				066A183026D3A3FA0058085F /* BaseTableViewCell.h */,
				066A182926D3A3FA0058085F /* BaseTableViewCell.m */,
				066A182B26D3A3FA0058085F /* BaseTextField.h */,
				066A183426D3A3FA0058085F /* BaseTextField.m */,
				066A182826D3A3FA0058085F /* BaseTextView.h */,
				066A183126D3A3FA0058085F /* BaseTextView.m */,
				066A183526D3A3FA0058085F /* BaseView.h */,
				066A182A26D3A3FA0058085F /* BaseView.m */,
			);
			path = View;
			sourceTree = "<group>";
		};
		066A185C26D3A98B0058085F /* Model */ = {
			isa = PBXGroup;
			children = (
				066A185D26D3A98B0058085F /* BKCellModel.m */,
				066A185E26D3A98B0058085F /* BKCellModel.h */,
			);
			path = Model;
			sourceTree = "<group>";
		};
		066A185F26D3A98B0058085F /* Tools */ = {
			isa = PBXGroup;
			children = (
				066A186126D3A98B0058085F /* BKSearchBar.h */,
				066A186026D3A98B0058085F /* BKSearchBar.m */,
				066A186E26D4C1190058085F /* MBProgressHUD */,
				06D2AE9826D60FF10092B089 /* BKFingerWaveView.h */,
				06D2AE9926D60FF10092B089 /* BKFingerWaveView.m */,
				1873CF4A26E225D900598361 /* NetworkRequest.h */,
				1873CF4B26E225D900598361 /* NetworkRequest.m */,
				185C7DE826E5A1BE008F4E4C /* BKIPRegionTool.h */,
				185C7DE926E5A1BE008F4E4C /* BKIPRegionTool.m */,
			);
			path = Tools;
			sourceTree = "<group>";
		};
		066A186426D498D40058085F /* Controller */ = {
			isa = PBXGroup;
			children = (
				066A173926D3A14B0058085F /* AMConnectViewController.h */,
				066A173A26D3A14B0058085F /* AMConnectViewController.mm */,
			);
			path = Controller;
			sourceTree = "<group>";
		};
		066A186526D499AC0058085F /* View */ = {
			isa = PBXGroup;
			children = (
				066A186626D499E70058085F /* AMRemoteDeviceInputView.h */,
				066A186726D499E70058085F /* AMRemoteDeviceInputView.m */,
			);
			path = View;
			sourceTree = "<group>";
		};
		066A186926D4BCD60058085F /* Sub */ = {
			isa = PBXGroup;
			children = (
				06D2AE8C26D5E39F0092B089 /* Control */,
				066A186A26D4BCE20058085F /* SafeCodeAlert */,
			);
			path = Sub;
			sourceTree = "<group>";
		};
		066A186A26D4BCE20058085F /* SafeCodeAlert */ = {
			isa = PBXGroup;
			children = (
				066A186B26D4BD110058085F /* AMSafeCodeAlertViewController.h */,
				066A186C26D4BD110058085F /* AMSafeCodeAlertViewController.m */,
			);
			path = SafeCodeAlert;
			sourceTree = "<group>";
		};
		066A186E26D4C1190058085F /* MBProgressHUD */ = {
			isa = PBXGroup;
			children = (
				066A187126D4C1190058085F /* icon_mb_success@2x.png */,
				066A187026D4C1190058085F /* icon_mb_success@3x.png */,
				066A186F26D4C1190058085F /* MBProgressHUD+BKAdd.h */,
				066A187226D4C1190058085F /* MBProgressHUD+BKAdd.m */,
			);
			path = MBProgressHUD;
			sourceTree = "<group>";
		};
		066A187926D4DD7D0058085F /* Language */ = {
			isa = PBXGroup;
			children = (
				066A187E26D4DDD20058085F /* Localizable.strings */,
			);
			path = Language;
			sourceTree = "<group>";
		};
		066A188826D5D86E0058085F /* Controller */ = {
			isa = PBXGroup;
			children = (
				066A173626D3A12C0058085F /* AMDeviceViewController.h */,
				066A173726D3A12C0058085F /* AMDeviceViewController.m */,
			);
			path = Controller;
			sourceTree = "<group>";
		};
		066A188926D5D8770058085F /* View */ = {
			isa = PBXGroup;
			children = (
				066A188A26D5D8970058085F /* AMDeviceListTableViewCell.h */,
				066A188B26D5D8970058085F /* AMDeviceListTableViewCell.m */,
			);
			path = View;
			sourceTree = "<group>";
		};
		066A188D26D5DB0C0058085F /* Model */ = {
			isa = PBXGroup;
			children = (
				066A188E26D5DB210058085F /* AMDevice.h */,
				066A188F26D5DB210058085F /* AMDevice.m */,
			);
			path = Model;
			sourceTree = "<group>";
		};
		06D2AE8726D5DE900092B089 /* Controller */ = {
			isa = PBXGroup;
			children = (
				066A173C26D3A1560058085F /* AMSettingViewController.h */,
				066A173D26D3A1560058085F /* AMSettingViewController.m */,
			);
			path = Controller;
			sourceTree = "<group>";
		};
		06D2AE8826D5DE980092B089 /* View */ = {
			isa = PBXGroup;
			children = (
				06D2AE8926D5DEAA0092B089 /* AMSettingListTableViewCell.h */,
				06D2AE8A26D5DEAA0092B089 /* AMSettingListTableViewCell.m */,
			);
			path = View;
			sourceTree = "<group>";
		};
		06D2AE8C26D5E39F0092B089 /* Control */ = {
			isa = PBXGroup;
			children = (
				06D2AE9126D5E3DC0092B089 /* View */,
				06D2AE8D26D5E3A80092B089 /* Controller */,
			);
			path = Control;
			sourceTree = "<group>";
		};
		06D2AE8D26D5E3A80092B089 /* Controller */ = {
			isa = PBXGroup;
			children = (
				06D2AE8E26D5E3C20092B089 /* AMDeviceControlViewController.h */,
				06D2AE8F26D5E3C20092B089 /* AMDeviceControlViewController.m */,
			);
			path = Controller;
			sourceTree = "<group>";
		};
		06D2AE9126D5E3DC0092B089 /* View */ = {
			isa = PBXGroup;
			children = (
				06D2AE9226D5E3FE0092B089 /* AMDeviceControlView.h */,
				06D2AE9326D5E3FE0092B089 /* AMDeviceControlView.m */,
			);
			path = View;
			sourceTree = "<group>";
		};
		1823C31826E0709D00B0FBDD /* boost-ios */ = {
			isa = PBXGroup;
			children = (
				1823C31926E0709D00B0FBDD /* libboost_signals.a */,
				1823C31A26E0709D00B0FBDD /* libboost_iostreams.a */,
				1823C31B26E0709D00B0FBDD /* libboost_thread.a */,
				1823C31C26E0709D00B0FBDD /* libboost_timer.a */,
				1823C31D26E0709D00B0FBDD /* libboost_atomic.a */,
				1823C31E26E0709D00B0FBDD /* libboost_date_time.a */,
				1823C31F26E0709D00B0FBDD /* libboost_system.a */,
				1823C32026E0709D00B0FBDD /* libboost_exception.a */,
				1823C32126E0709D00B0FBDD /* libboost_regex.a */,
				1823C32226E0709D00B0FBDD /* libboost_wserialization.a */,
				1823C32326E0709D00B0FBDD /* libboost_filesystem.a */,
				1823C32426E0709D00B0FBDD /* libboost_chrono.a */,
				1823C32526E0709D00B0FBDD /* libboost_serialization.a */,
			);
			name = "boost-ios";
			path = "../../../../usr/local/lib/boost-ios";
			sourceTree = "<group>";
		};
		1823C33426E0B0AD00B0FBDD /* ConsoleProxy */ = {
			isa = PBXGroup;
			children = (
				1823C33926E0B0AD00B0FBDD /* ConsoleProxy.h */,
				1823C33626E0B0AD00B0FBDD /* ConsoleProxy.mm */,
				1823C33826E0B0AD00B0FBDD /* LYCodeCvt.h */,
				1823C33B26E0B0AE00B0FBDD /* LYCodeCvt.mm */,
				1823C33F26E0B0AE00B0FBDD /* MessageBusManager.h */,
				1823C33A26E0B0AE00B0FBDD /* MessageBusManager.mm */,
				1823C33526E0B0AD00B0FBDD /* RCProtocol.h */,
				1823C33C26E0B0AE00B0FBDD /* RCProtocol.mm */,
			);
			path = ConsoleProxy;
			sourceTree = "<group>";
		};
		1823C34D26E0C18A00B0FBDD /* Headers */ = {
			isa = PBXGroup;
			children = (
				1823C33726E0B0AD00B0FBDD /* SDPFactory.h */,
				1823C33E26E0B0AE00B0FBDD /* SDPFunctionTraits.h */,
				1823C34126E0B0AE00B0FBDD /* SDPMessageBus.h */,
				1823C34026E0B0AE00B0FBDD /* SDPSingleton.h */,
				1878E14126DF2BAF00E514EA /* BufferImpl.h */,
				1823C33226E0AB9100B0FBDD /* StructHeader.h */,
				1878E14226DF2BED00E514EA /* Typedef.h */,
				1823C33126E0AAE500B0FBDD /* EnumHeader.h */,
				1823C33326E0AC1900B0FBDD /* FuncHeader.h */,
				1873CF2126E1B60000598361 /* GlobeFunction.h */,
				1873CF2226E1B60000598361 /* GlobeFunction.mm */,
				1878E14326DF2CDE00E514EA /* MessageHeadDef.h */,
			);
			path = Headers;
			sourceTree = "<group>";
		};
		1823C34E26E0C22700B0FBDD /* RCServerProxy */ = {
			isa = PBXGroup;
			children = (
				1823C34926E0BC1B00B0FBDD /* RCServerProxy.h */,
				1823C34A26E0BC1B00B0FBDD /* RCServerProxy.mm */,
			);
			path = RCServerProxy;
			sourceTree = "<group>";
		};
		1873CF2726E1C7DC00598361 /* DataPacket */ = {
			isa = PBXGroup;
			children = (
				1878E13B26DF2AF400E514EA /* CDataPacket.h */,
				1878E13C26DF2AF400E514EA /* CDataPacket.mm */,
				1878E13E26DF2B6600E514EA /* PacketBase.h */,
				1878E13F26DF2B6600E514EA /* PacketBase.mm */,
			);
			path = DataPacket;
			sourceTree = "<group>";
		};
		1873CF2826E1C81200598361 /* JsonHandle */ = {
			isa = PBXGroup;
			children = (
				1823C33D26E0B0AE00B0FBDD /* JsonSerializer.h */,
				1823C35226E0D61000B0FBDD /* CJsonHelper.h */,
				1823C35326E0D61000B0FBDD /* CJsonHelper.mm */,
			);
			path = JsonHandle;
			sourceTree = "<group>";
		};
		1873CF2926E1C85100598361 /* Encode */ = {
			isa = PBXGroup;
			children = (
				1878E13526DF0B0E00E514EA /* EccCode.h */,
				1878E13426DF0B0E00E514EA /* EccCode.mm */,
			);
			path = Encode;
			sourceTree = "<group>";
		};
		1873CF2A26E1C86800598361 /* Settings */ = {
			isa = PBXGroup;
			children = (
				1823C34F26E0CFB800B0FBDD /* CPrjSettings.h */,
				1823C35026E0CFB800B0FBDD /* CPrjSettings.mm */,
			);
			path = Settings;
			sourceTree = "<group>";
		};
		1873CF2B26E1C8B300598361 /* Request */ = {
			isa = PBXGroup;
			children = (
				1873CF2526E1C44400598361 /* HttpFileDownloader.h */,
				1873CF2426E1C44400598361 /* HttpFileDownloader.cpp */,
			);
			path = Request;
			sourceTree = "<group>";
		};
		1878E14426DF50EC00E514EA /* ServiceImpl */ = {
			isa = PBXGroup;
			children = (
				1878E14526DF514A00E514EA /* CNetClientImpl.h */,
				1878E14626DF514A00E514EA /* CNetClientImpl.mm */,
				1878E14926DF53FA00E514EA /* CNetIPDataTransfer.h */,
				1878E14A26DF53FA00E514EA /* CNetIPDataTransfer.mm */,
				1878E14C26DF580400E514EA /* CNetEndpoint.h */,
				1878E14D26DF580400E514EA /* CNetEndpoint.mm */,
				1878E14F26DF60A100E514EA /* Timer.h */,
				1878E15026DF60A100E514EA /* Timer.mm */,
				1878E15226DF6CE400E514EA /* CCustomThreadPool.h */,
				1878E15326DF6E6F00E514EA /* SyncQueue.h */,
			);
			path = ServiceImpl;
			sourceTree = "<group>";
		};
		18802C8526DCF551002B5742 /* Socket */ = {
			isa = PBXGroup;
			children = (
				18802C8626DCF582002B5742 /* AMSocketHeader.h */,
				1878E13726DF175A00E514EA /* CNetTransactionEngine.h */,
				1878E13826DF175A00E514EA /* CNetTransactionEngine.mm */,
				185C7DEE26E5F538008F4E4C /* LocalMessageBus.h */,
				185C7DEF26E5F538008F4E4C /* LocalMessageBus.mm */,
				1873CF2B26E1C8B300598361 /* Request */,
				1873CF2A26E1C86800598361 /* Settings */,
				1873CF2926E1C85100598361 /* Encode */,
				1873CF2826E1C81200598361 /* JsonHandle */,
				1873CF2726E1C7DC00598361 /* DataPacket */,
				1823C34E26E0C22700B0FBDD /* RCServerProxy */,
				1823C33426E0B0AD00B0FBDD /* ConsoleProxy */,
				1823C34D26E0C18A00B0FBDD /* Headers */,
				1878E15426DF70F000E514EA /* Log.h */,
				1878E15526DF84F200E514EA /* Log.mm */,
				1873CF2C26E1F48700598361 /* CAIMTime.h */,
				1873CF2D26E1F48700598361 /* CAIMTime.mm */,
				1878E14426DF50EC00E514EA /* ServiceImpl */,
			);
			path = Socket;
			sourceTree = "<group>";
		};
		5A54F60C1753795720D82170 /* Frameworks */ = {
			isa = PBXGroup;
			children = (
				185C7DEB26E5AE8C008F4E4C /* AdSupport.framework */,
				1873CF3626E219FA00598361 /* libboost_atomic.a */,
				1873CF3B26E219FB00598361 /* libboost_chrono.a */,
				1873CF3726E219FA00598361 /* libboost_date_time.a */,
				1873CF3D26E219FB00598361 /* libboost_iostreams.a */,
				1873CF3926E219FA00598361 /* libboost_regex.a */,
				1873CF3826E219FA00598361 /* libboost_serialization.a */,
				1873CF3E26E219FB00598361 /* libboost_signals.a */,
				1873CF3C26E219FB00598361 /* libboost_thread.a */,
				1873CF3A26E219FB00598361 /* libboost_timer.a */,
				1873CF3F26E219FB00598361 /* libboost_wserialization.a */,
				1873CF2F26E2076000598361 /* ZJCurl.framework */,
				1823C32A26E07C8A00B0FBDD /* libboost_exception.a */,
				1823C32826E07C8A00B0FBDD /* libboost_filesystem.a */,
				1823C32926E07C8A00B0FBDD /* libboost_system.a */,
				1823C31826E0709D00B0FBDD /* boost-ios */,
				1878E17A26DFAD3E00E514EA /* libboost_system.a */,
				1878E17826DFACC000E514EA /* libboost_filesystem.a */,
				1822655D26D8E3580044EE7F /* libc++.tbd */,
				EE5443E85D4D6AB9B1489827 /* Pods_AnyViewer.framework */,
			);
			name = Frameworks;
			sourceTree = "<group>";
		};
		8237733C7B2314983C62E100 /* Pods */ = {
			isa = PBXGroup;
			children = (
				AE2449EFBD3D3DCBD02A2B78 /* Pods-AnyViewer.debug.xcconfig */,
				2A3142FE145CA715D46CE841 /* Pods-AnyViewer.release.xcconfig */,
			);
			path = Pods;
			sourceTree = "<group>";
		};
/* End PBXGroup section */

/* Begin PBXNativeTarget section */
		066A171026D39FE90058085F /* AnyViewer */ = {
			isa = PBXNativeTarget;
			buildConfigurationList = 066A172A26D39FED0058085F /* Build configuration list for PBXNativeTarget "AnyViewer" */;
			buildPhases = (
				7EC1E28ACCB5B27DDEDFA9BE /* [CP] Check Pods Manifest.lock */,
				066A170D26D39FE90058085F /* Sources */,
				066A170E26D39FE90058085F /* Frameworks */,
				066A170F26D39FE90058085F /* Resources */,
				B4E445E96D20ED8E0F655770 /* [CP] Embed Pods Frameworks */,
			);
			buildRules = (
			);
			dependencies = (
			);
			name = AnyViewer;
			productName = AnyViewer;
			productReference = 066A171126D39FE90058085F /* AnyViewer.app */;
			productType = "com.apple.product-type.application";
		};
/* End PBXNativeTarget section */

/* Begin PBXProject section */
		066A170926D39FE90058085F /* Project object */ = {
			isa = PBXProject;
			attributes = {
				LastUpgradeCheck = 1250;
				TargetAttributes = {
					066A171026D39FE90058085F = {
						CreatedOnToolsVersion = 12.5.1;
					};
				};
			};
			buildConfigurationList = 066A170C26D39FE90058085F /* Build configuration list for PBXProject "AnyViewer" */;
			compatibilityVersion = "Xcode 9.3";
			developmentRegion = en;
			hasScannedForEncodings = 0;
			knownRegions = (
				en,
				Base,
				"zh-Hans",
				ja,
				de,
			);
			mainGroup = 066A170826D39FE90058085F;
			productRefGroup = 066A171226D39FE90058085F /* Products */;
			projectDirPath = "";
			projectRoot = "";
			targets = (
				066A171026D39FE90058085F /* AnyViewer */,
			);
		};
/* End PBXProject section */

/* Begin PBXResourcesBuildPhase section */
		066A170F26D39FE90058085F /* Resources */ = {
			isa = PBXResourcesBuildPhase;
			buildActionMask = 2147483647;
			files = (
				066A187326D4C1190058085F /* icon_mb_success@3x.png in Resources */,
				066A172426D39FED0058085F /* LaunchScreen.storyboard in Resources */,
				066A187C26D4DDD20058085F /* Localizable.strings in Resources */,
				066A187426D4C1190058085F /* icon_mb_success@2x.png in Resources */,
				066A172126D39FED0058085F /* Assets.xcassets in Resources */,
			);
			runOnlyForDeploymentPostprocessing = 0;
		};
/* End PBXResourcesBuildPhase section */

/* Begin PBXShellScriptBuildPhase section */
		7EC1E28ACCB5B27DDEDFA9BE /* [CP] Check Pods Manifest.lock */ = {
			isa = PBXShellScriptBuildPhase;
			buildActionMask = 2147483647;
			files = (
			);
			inputFileListPaths = (
			);
			inputPaths = (
				"${PODS_PODFILE_DIR_PATH}/Podfile.lock",
				"${PODS_ROOT}/Manifest.lock",
			);
			name = "[CP] Check Pods Manifest.lock";
			outputFileListPaths = (
			);
			outputPaths = (
				"$(DERIVED_FILE_DIR)/Pods-AnyViewer-checkManifestLockResult.txt",
			);
			runOnlyForDeploymentPostprocessing = 0;
			shellPath = /bin/sh;
			shellScript = "diff \"${PODS_PODFILE_DIR_PATH}/Podfile.lock\" \"${PODS_ROOT}/Manifest.lock\" > /dev/null\nif [ $? != 0 ] ; then\n    # print error to STDERR\n    echo \"error: The sandbox is not in sync with the Podfile.lock. Run 'pod install' or update your CocoaPods installation.\" >&2\n    exit 1\nfi\n# This output is used by Xcode 'outputs' to avoid re-running this script phase.\necho \"SUCCESS\" > \"${SCRIPT_OUTPUT_FILE_0}\"\n";
			showEnvVarsInLog = 0;
		};
		B4E445E96D20ED8E0F655770 /* [CP] Embed Pods Frameworks */ = {
			isa = PBXShellScriptBuildPhase;
			buildActionMask = 2147483647;
			files = (
			);
			inputFileListPaths = (
				"${PODS_ROOT}/Target Support Files/Pods-AnyViewer/Pods-AnyViewer-frameworks-${CONFIGURATION}-input-files.xcfilelist",
			);
			name = "[CP] Embed Pods Frameworks";
			outputFileListPaths = (
				"${PODS_ROOT}/Target Support Files/Pods-AnyViewer/Pods-AnyViewer-frameworks-${CONFIGURATION}-output-files.xcfilelist",
			);
			runOnlyForDeploymentPostprocessing = 0;
			shellPath = /bin/sh;
			shellScript = "\"${PODS_ROOT}/Target Support Files/Pods-AnyViewer/Pods-AnyViewer-frameworks.sh\"\n";
			showEnvVarsInLog = 0;
		};
/* End PBXShellScriptBuildPhase section */

/* Begin PBXSourcesBuildPhase section */
		066A170D26D39FE90058085F /* Sources */ = {
			isa = PBXSourcesBuildPhase;
			buildActionMask = 2147483647;
			files = (
				185C7DF026E5F538008F4E4C /* LocalMessageBus.mm in Sources */,
				1823C34226E0B0AE00B0FBDD /* ConsoleProxy.mm in Sources */,
				066A184126D3A3FA0058085F /* UIView+Frame.m in Sources */,
				066A183F26D3A3FA0058085F /* UIScrollView+BKAdd.m in Sources */,
				1878E14026DF2B6600E514EA /* PacketBase.mm in Sources */,
				1823C34526E0B0AE00B0FBDD /* RCProtocol.mm in Sources */,
				066A184726D3A3FA0058085F /* NSString+BKAdd.m in Sources */,
				1823C34426E0B0AE00B0FBDD /* LYCodeCvt.mm in Sources */,
				1878E14E26DF580400E514EA /* CNetEndpoint.mm in Sources */,
				066A173826D3A12C0058085F /* AMDeviceViewController.m in Sources */,
				066A184226D3A3FA0058085F /* NSError+BKAdd.m in Sources */,
				066A184D26D3A3FA0058085F /* BasePickerViewController.m in Sources */,
				066A184A26D3A3FA0058085F /* UIImage+EXIF.m in Sources */,
				066A173E26D3A1560058085F /* AMSettingViewController.m in Sources */,
				06D2AEA026D73E0E0092B089 /* AMLoginViewController.m in Sources */,
				066A184926D3A3FA0058085F /* UIButton+BKAdd.m in Sources */,
				066A185026D3A3FA0058085F /* BaseTableViewCell.m in Sources */,
				1873CF2326E1B60000598361 /* GlobeFunction.mm in Sources */,
				06D2AE8B26D5DEAA0092B089 /* AMSettingListTableViewCell.m in Sources */,
				066A184F26D3A3FA0058085F /* BaseViewController.m in Sources */,
				066A188C26D5D8970058085F /* AMDeviceListTableViewCell.m in Sources */,
				066A184026D3A3FA0058085F /* NSObject+BKAdd.m in Sources */,
				066A173B26D3A14B0058085F /* AMConnectViewController.mm in Sources */,
				1878E15626DF84F200E514EA /* Log.mm in Sources */,
				1823C35426E0D61000B0FBDD /* CJsonHelper.mm in Sources */,
				066A184E26D3A3FA0058085F /* BaseEmptyDelegator.m in Sources */,
				1823C34B26E0BC1B00B0FBDD /* RCServerProxy.mm in Sources */,
				066A184426D3A3FA0058085F /* NSDictionary+BKAdd.m in Sources */,
				066A183D26D3A3FA0058085F /* UIImageView+BKAdd.m in Sources */,
				1878E14B26DF53FA00E514EA /* CNetIPDataTransfer.mm in Sources */,
				066A185826D3A3FA0058085F /* BaseNavigationViewController.m in Sources */,
				066A184326D3A3FA0058085F /* NSUserDefaults+Sz.m in Sources */,
				066A185626D3A3FA0058085F /* BaseTextField.m in Sources */,
				1878E13926DF175A00E514EA /* CNetTransactionEngine.mm in Sources */,
				1878E13626DF0B0E00E514EA /* EccCode.mm in Sources */,
				066A185926D3A3FA0058085F /* BaseCollectionViewController.m in Sources */,
				066A185726D3A3FA0058085F /* BaseLabel.m in Sources */,
				06D2AE9A26D60FF10092B089 /* BKFingerWaveView.m in Sources */,
				066A184B26D3A3FA0058085F /* BasePageViewController.m in Sources */,
				185C7DEA26E5A1BE008F4E4C /* BKIPRegionTool.m in Sources */,
				06D2AE9426D5E3FE0092B089 /* AMDeviceControlView.m in Sources */,
				1878E13D26DF2AF400E514EA /* CDataPacket.mm in Sources */,
				066A171626D39FE90058085F /* AppDelegate.m in Sources */,
				066A183E26D3A3FA0058085F /* UIView+ViewController.m in Sources */,
				066A184C26D3A3FA0058085F /* BaseTableViewController.m in Sources */,
				1823C35126E0CFB800B0FBDD /* CPrjSettings.mm in Sources */,
				1823C34326E0B0AE00B0FBDD /* MessageBusManager.mm in Sources */,
				1878E14726DF514A00E514EA /* CNetClientImpl.mm in Sources */,
				066A172726D39FED0058085F /* main.m in Sources */,
				066A185126D3A3FA0058085F /* BaseView.m in Sources */,
				066A185326D3A3FA0058085F /* BaseTextView.m in Sources */,
				066A185426D3A3FA0058085F /* BaseCollectionViewCell.m in Sources */,
				066A186326D3A98B0058085F /* BKSearchBar.m in Sources */,
				066A184526D3A3FA0058085F /* UIViewController+Presentation.m in Sources */,
				1873CF2626E1C44400598361 /* HttpFileDownloader.cpp in Sources */,
				066A189026D5DB210058085F /* AMDevice.m in Sources */,
				1873CF4C26E225D900598361 /* NetworkRequest.m in Sources */,
				066A186226D3A98B0058085F /* BKCellModel.m in Sources */,
				066A186D26D4BD110058085F /* AMSafeCodeAlertViewController.m in Sources */,
				066A185226D3A3FA0058085F /* BaseImageView.m in Sources */,
				066A184626D3A3FA0058085F /* UIFont+BKAdd.m in Sources */,
				1878E15126DF60A100E514EA /* Timer.mm in Sources */,
				066A173126D3A0AE0058085F /* AMTabBarViewController.m in Sources */,
				066A185526D3A3FA0058085F /* BaseButton.m in Sources */,
				066A187826D4DB170058085F /* AppDelegate+BKAdd.mm in Sources */,
				06D2AE9026D5E3C20092B089 /* AMDeviceControlViewController.m in Sources */,
				066A184826D3A3FA0058085F /* BKPresentationController.m in Sources */,
				066A187526D4C1190058085F /* MBProgressHUD+BKAdd.m in Sources */,
				066A186826D499E70058085F /* AMRemoteDeviceInputView.m in Sources */,
				1873CF2E26E1F48700598361 /* CAIMTime.mm in Sources */,
			);
			runOnlyForDeploymentPostprocessing = 0;
		};
/* End PBXSourcesBuildPhase section */

/* Begin PBXVariantGroup section */
		066A172226D39FED0058085F /* LaunchScreen.storyboard */ = {
			isa = PBXVariantGroup;
			children = (
				066A172326D39FED0058085F /* Base */,
				066A187F26D4DE170058085F /* zh-Hans */,
				066A188126D4DE560058085F /* ja */,
				066A188326D4DE680058085F /* de */,
			);
			name = LaunchScreen.storyboard;
			sourceTree = "<group>";
		};
		066A187E26D4DDD20058085F /* Localizable.strings */ = {
			isa = PBXVariantGroup;
			children = (
				066A187D26D4DDD20058085F /* en */,
				066A188026D4DE170058085F /* zh-Hans */,
				066A188226D4DE560058085F /* ja */,
				066A188426D4DE690058085F /* de */,
			);
			name = Localizable.strings;
			sourceTree = "<group>";
		};
/* End PBXVariantGroup section */

/* Begin XCBuildConfiguration section */
		066A172826D39FED0058085F /* Debug */ = {
			isa = XCBuildConfiguration;
			buildSettings = {
				ALWAYS_SEARCH_USER_PATHS = NO;
				CLANG_ANALYZER_LOCALIZABILITY_NONLOCALIZED = YES;
				CLANG_ANALYZER_NONNULL = YES;
				CLANG_ANALYZER_NUMBER_OBJECT_CONVERSION = YES_AGGRESSIVE;
				CLANG_CXX_LANGUAGE_STANDARD = "gnu++14";
				CLANG_CXX_LIBRARY = "libc++";
				CLANG_ENABLE_MODULES = YES;
				CLANG_ENABLE_OBJC_ARC = YES;
				CLANG_ENABLE_OBJC_WEAK = YES;
				CLANG_WARN_BLOCK_CAPTURE_AUTORELEASING = YES;
				CLANG_WARN_BOOL_CONVERSION = YES;
				CLANG_WARN_COMMA = YES;
				CLANG_WARN_CONSTANT_CONVERSION = YES;
				CLANG_WARN_DEPRECATED_OBJC_IMPLEMENTATIONS = YES;
				CLANG_WARN_DIRECT_OBJC_ISA_USAGE = YES_ERROR;
				CLANG_WARN_DOCUMENTATION_COMMENTS = YES;
				CLANG_WARN_EMPTY_BODY = YES;
				CLANG_WARN_ENUM_CONVERSION = YES;
				CLANG_WARN_INFINITE_RECURSION = YES;
				CLANG_WARN_INT_CONVERSION = YES;
				CLANG_WARN_NON_LITERAL_NULL_CONVERSION = YES;
				CLANG_WARN_OBJC_IMPLICIT_RETAIN_SELF = YES;
				CLANG_WARN_OBJC_LITERAL_CONVERSION = YES;
				CLANG_WARN_OBJC_ROOT_CLASS = YES_ERROR;
				CLANG_WARN_QUOTED_INCLUDE_IN_FRAMEWORK_HEADER = YES;
				CLANG_WARN_RANGE_LOOP_ANALYSIS = YES;
				CLANG_WARN_STRICT_PROTOTYPES = YES;
				CLANG_WARN_SUSPICIOUS_MOVE = YES;
				CLANG_WARN_UNGUARDED_AVAILABILITY = YES_AGGRESSIVE;
				CLANG_WARN_UNREACHABLE_CODE = YES;
				CLANG_WARN__DUPLICATE_METHOD_MATCH = YES;
				COPY_PHASE_STRIP = NO;
				DEBUG_INFORMATION_FORMAT = dwarf;
				ENABLE_STRICT_OBJC_MSGSEND = YES;
				ENABLE_TESTABILITY = YES;
				GCC_C_LANGUAGE_STANDARD = gnu11;
				GCC_DYNAMIC_NO_PIC = NO;
				GCC_NO_COMMON_BLOCKS = YES;
				GCC_OPTIMIZATION_LEVEL = 0;
				GCC_PREPROCESSOR_DEFINITIONS = (
					"DEBUG=1",
					"$(inherited)",
				);
				GCC_WARN_64_TO_32_BIT_CONVERSION = YES;
				GCC_WARN_ABOUT_RETURN_TYPE = YES_ERROR;
				GCC_WARN_UNDECLARED_SELECTOR = YES;
				GCC_WARN_UNINITIALIZED_AUTOS = YES_AGGRESSIVE;
				GCC_WARN_UNUSED_FUNCTION = YES;
				GCC_WARN_UNUSED_VARIABLE = YES;
				IPHONEOS_DEPLOYMENT_TARGET = 14.5;
				MTL_ENABLE_DEBUG_INFO = INCLUDE_SOURCE;
				MTL_FAST_MATH = YES;
				ONLY_ACTIVE_ARCH = YES;
				SDKROOT = iphoneos;
			};
			name = Debug;
		};
		066A172926D39FED0058085F /* Release */ = {
			isa = XCBuildConfiguration;
			buildSettings = {
				ALWAYS_SEARCH_USER_PATHS = NO;
				CLANG_ANALYZER_LOCALIZABILITY_NONLOCALIZED = YES;
				CLANG_ANALYZER_NONNULL = YES;
				CLANG_ANALYZER_NUMBER_OBJECT_CONVERSION = YES_AGGRESSIVE;
				CLANG_CXX_LANGUAGE_STANDARD = "gnu++14";
				CLANG_CXX_LIBRARY = "libc++";
				CLANG_ENABLE_MODULES = YES;
				CLANG_ENABLE_OBJC_ARC = YES;
				CLANG_ENABLE_OBJC_WEAK = YES;
				CLANG_WARN_BLOCK_CAPTURE_AUTORELEASING = YES;
				CLANG_WARN_BOOL_CONVERSION = YES;
				CLANG_WARN_COMMA = YES;
				CLANG_WARN_CONSTANT_CONVERSION = YES;
				CLANG_WARN_DEPRECATED_OBJC_IMPLEMENTATIONS = YES;
				CLANG_WARN_DIRECT_OBJC_ISA_USAGE = YES_ERROR;
				CLANG_WARN_DOCUMENTATION_COMMENTS = YES;
				CLANG_WARN_EMPTY_BODY = YES;
				CLANG_WARN_ENUM_CONVERSION = YES;
				CLANG_WARN_INFINITE_RECURSION = YES;
				CLANG_WARN_INT_CONVERSION = YES;
				CLANG_WARN_NON_LITERAL_NULL_CONVERSION = YES;
				CLANG_WARN_OBJC_IMPLICIT_RETAIN_SELF = YES;
				CLANG_WARN_OBJC_LITERAL_CONVERSION = YES;
				CLANG_WARN_OBJC_ROOT_CLASS = YES_ERROR;
				CLANG_WARN_QUOTED_INCLUDE_IN_FRAMEWORK_HEADER = YES;
				CLANG_WARN_RANGE_LOOP_ANALYSIS = YES;
				CLANG_WARN_STRICT_PROTOTYPES = YES;
				CLANG_WARN_SUSPICIOUS_MOVE = YES;
				CLANG_WARN_UNGUARDED_AVAILABILITY = YES_AGGRESSIVE;
				CLANG_WARN_UNREACHABLE_CODE = YES;
				CLANG_WARN__DUPLICATE_METHOD_MATCH = YES;
				COPY_PHASE_STRIP = NO;
				DEBUG_INFORMATION_FORMAT = "dwarf-with-dsym";
				ENABLE_NS_ASSERTIONS = NO;
				ENABLE_STRICT_OBJC_MSGSEND = YES;
				GCC_C_LANGUAGE_STANDARD = gnu11;
				GCC_NO_COMMON_BLOCKS = YES;
				GCC_WARN_64_TO_32_BIT_CONVERSION = YES;
				GCC_WARN_ABOUT_RETURN_TYPE = YES_ERROR;
				GCC_WARN_UNDECLARED_SELECTOR = YES;
				GCC_WARN_UNINITIALIZED_AUTOS = YES_AGGRESSIVE;
				GCC_WARN_UNUSED_FUNCTION = YES;
				GCC_WARN_UNUSED_VARIABLE = YES;
				IPHONEOS_DEPLOYMENT_TARGET = 14.5;
				MTL_ENABLE_DEBUG_INFO = NO;
				MTL_FAST_MATH = YES;
				SDKROOT = iphoneos;
				VALIDATE_PRODUCT = YES;
			};
			name = Release;
		};
		066A172B26D39FED0058085F /* Debug */ = {
			isa = XCBuildConfiguration;
			baseConfigurationReference = AE2449EFBD3D3DCBD02A2B78 /* Pods-AnyViewer.debug.xcconfig */;
			buildSettings = {
				ASSETCATALOG_COMPILER_APPICON_NAME = AppIcon;
				ASSETCATALOG_COMPILER_GLOBAL_ACCENT_COLOR_NAME = AccentColor;
				CLANG_CXX_LANGUAGE_STANDARD = "gnu++0x";
				CODE_SIGN_ENTITLEMENTS = AnyViewer/AnyViewer.entitlements;
				CODE_SIGN_STYLE = Automatic;
				DEVELOPMENT_TEAM = 292V2CN6SF;
				ENABLE_BITCODE = NO;
				ENABLE_ONLY_ACTIVE_RESOURCES = NO;
				FRAMEWORK_SEARCH_PATHS = (
					"$(inherited)",
					"\"${PODS_CONFIGURATION_BUILD_DIR}/AFNetworking\"",
					"\"${PODS_CONFIGURATION_BUILD_DIR}/CocoaAsyncSocket\"",
					"\"${PODS_CONFIGURATION_BUILD_DIR}/DZNEmptyDataSet\"",
					"\"${PODS_CONFIGURATION_BUILD_DIR}/GKNavigationBar\"",
					"\"${PODS_CONFIGURATION_BUILD_DIR}/IQKeyboardManager\"",
					"\"${PODS_CONFIGURATION_BUILD_DIR}/JXCategoryView\"",
					"\"${PODS_CONFIGURATION_BUILD_DIR}/MBProgressHUD\"",
					"\"${PODS_CONFIGURATION_BUILD_DIR}/MJRefresh\"",
					"\"${PODS_CONFIGURATION_BUILD_DIR}/Masonry\"",
					"\"${PODS_CONFIGURATION_BUILD_DIR}/ReactiveObjC\"",
					"\"${PODS_CONFIGURATION_BUILD_DIR}/SDWebImage\"",
					"\"${PODS_CONFIGURATION_BUILD_DIR}/TZImagePickerController\"",
					"\"${PODS_CONFIGURATION_BUILD_DIR}/WZLBadge\"",
					"\"${PODS_CONFIGURATION_BUILD_DIR}/YYKit\"",
					"\"${PODS_ROOT}/OpenSSL-Universal/Frameworks\"",
					"\"${PODS_ROOT}/YYKit/Vendor\"",
					"\"${PODS_XCFRAMEWORKS_BUILD_DIR}/OpenSSL\"",
					"/usr/local/include/boost-ios",
					"/usr/local/lib/boost-ios",
				);
				GCC_C_LANGUAGE_STANDARD = gnu99;
				GCC_PREFIX_HEADER = "$SRCROOT/AnyViewer/Support Files/PrefixHeader.pch";
				HEADER_SEARCH_PATHS = (
					"$(inherited)",
					"\"${PODS_CONFIGURATION_BUILD_DIR}/AFNetworking/AFNetworking.framework/Headers\"",
					"\"${PODS_CONFIGURATION_BUILD_DIR}/CocoaAsyncSocket/CocoaAsyncSocket.framework/Headers\"",
					"\"${PODS_CONFIGURATION_BUILD_DIR}/DZNEmptyDataSet/DZNEmptyDataSet.framework/Headers\"",
					"\"${PODS_CONFIGURATION_BUILD_DIR}/GKNavigationBar/GKNavigationBar.framework/Headers\"",
					"\"${PODS_CONFIGURATION_BUILD_DIR}/IQKeyboardManager/IQKeyboardManager.framework/Headers\"",
					"\"${PODS_CONFIGURATION_BUILD_DIR}/JXCategoryView/JXCategoryView.framework/Headers\"",
					"\"${PODS_CONFIGURATION_BUILD_DIR}/MBProgressHUD/MBProgressHUD.framework/Headers\"",
					"\"${PODS_CONFIGURATION_BUILD_DIR}/MJRefresh/MJRefresh.framework/Headers\"",
					"\"${PODS_CONFIGURATION_BUILD_DIR}/Masonry/Masonry.framework/Headers\"",
					"\"${PODS_CONFIGURATION_BUILD_DIR}/ReactiveObjC/ReactiveObjC.framework/Headers\"",
					"\"${PODS_CONFIGURATION_BUILD_DIR}/SDWebImage/SDWebImage.framework/Headers\"",
					"\"${PODS_CONFIGURATION_BUILD_DIR}/TZImagePickerController/TZImagePickerController.framework/Headers\"",
					"\"${PODS_CONFIGURATION_BUILD_DIR}/WZLBadge/WZLBadge.framework/Headers\"",
					"\"${PODS_CONFIGURATION_BUILD_DIR}/YYKit/YYKit.framework/Headers\"",
					"\"${PODS_ROOT}/Headers/Public\"",
					"\"${PODS_ROOT}/Headers/Public/rapidjson\"",
					"/usr/local/include/boost-ios",
					"/usr/local/lib/boost-ios",
				);
				INFOPLIST_FILE = AnyViewer/Info.plist;
				IPHONEOS_DEPLOYMENT_TARGET = 10.0;
				LD_RUNPATH_SEARCH_PATHS = (
					"$(inherited)",
					"@executable_path/Frameworks",
				);
				LIBRARY_SEARCH_PATHS = (
					"$(inherited)",
					"/usr/local/lib/boost-ios",
					"/usr/local/lib/boost-ios/boost",
				);
				OTHER_LDFLAGS = (
					"$(inherited)",
					"-ObjC",
					"-l\"curl\"",
					"-l\"sqlite3\"",
					"-l\"z\"",
					"-framework",
					"\"AFNetworking\"",
					"-framework",
					"\"Accelerate\"",
					"-framework",
					"\"AssetsLibrary\"",
					"-framework",
					"\"CoreFoundation\"",
					"-framework",
					"\"CoreGraphics\"",
					"-framework",
					"\"CoreImage\"",
					"-framework",
					"\"CoreText\"",
					"-framework",
					"\"DZNEmptyDataSet\"",
					"-framework",
					"\"Foundation\"",
					"-framework",
					"\"GKNavigationBar\"",
					"-framework",
					"\"IQKeyboardManager\"",
					"-framework",
					"\"ImageIO\"",
					"-framework",
					"\"JXCategoryView\"",
					"-framework",
					"\"MBProgressHUD\"",
					"-framework",
					"\"MJRefresh\"",
					"-framework",
					"\"Masonry\"",
					"-framework",
					"\"MobileCoreServices\"",
					"-framework",
					"\"OpenSSL\"",
					"-framework",
					"\"Photos\"",
					"-framework",
					"\"QuartzCore\"",
					"-framework",
					"\"ReactiveObjC\"",
					"-framework",
					"\"SDWebImage\"",
					"-framework",
					"\"SystemConfiguration\"",
					"-framework",
					"\"TZImagePickerController\"",
					"-framework",
					"\"UIKit\"",
					"-framework",
					"\"WZLBadge\"",
					"-framework",
					"\"YYKit\"",
					"-framework",
					"\"ZJCurl\"",
					"-framework",
					"\"curly\"",
				);
				PRODUCT_BUNDLE_IDENTIFIER = com.aomei.AnyViewer;
				PRODUCT_NAME = "$(TARGET_NAME)";
				TARGETED_DEVICE_FAMILY = "1,2";
				WARNING_CFLAGS = "-Wno-ambiguous-macro";
			};
			name = Debug;
		};
		066A172C26D39FED0058085F /* Release */ = {
			isa = XCBuildConfiguration;
			baseConfigurationReference = 2A3142FE145CA715D46CE841 /* Pods-AnyViewer.release.xcconfig */;
			buildSettings = {
				ASSETCATALOG_COMPILER_APPICON_NAME = AppIcon;
				ASSETCATALOG_COMPILER_GLOBAL_ACCENT_COLOR_NAME = AccentColor;
				CLANG_CXX_LANGUAGE_STANDARD = "gnu++0x";
				CODE_SIGN_ENTITLEMENTS = AnyViewer/AnyViewer.entitlements;
				CODE_SIGN_STYLE = Automatic;
				DEVELOPMENT_TEAM = 292V2CN6SF;
				ENABLE_BITCODE = NO;
				ENABLE_ONLY_ACTIVE_RESOURCES = NO;
				FRAMEWORK_SEARCH_PATHS = (
					"$(inherited)",
					"\"${PODS_CONFIGURATION_BUILD_DIR}/AFNetworking\"",
					"\"${PODS_CONFIGURATION_BUILD_DIR}/CocoaAsyncSocket\"",
					"\"${PODS_CONFIGURATION_BUILD_DIR}/DZNEmptyDataSet\"",
					"\"${PODS_CONFIGURATION_BUILD_DIR}/GKNavigationBar\"",
					"\"${PODS_CONFIGURATION_BUILD_DIR}/IQKeyboardManager\"",
					"\"${PODS_CONFIGURATION_BUILD_DIR}/JXCategoryView\"",
					"\"${PODS_CONFIGURATION_BUILD_DIR}/MBProgressHUD\"",
					"\"${PODS_CONFIGURATION_BUILD_DIR}/MJRefresh\"",
					"\"${PODS_CONFIGURATION_BUILD_DIR}/Masonry\"",
					"\"${PODS_CONFIGURATION_BUILD_DIR}/ReactiveObjC\"",
					"\"${PODS_CONFIGURATION_BUILD_DIR}/SDWebImage\"",
					"\"${PODS_CONFIGURATION_BUILD_DIR}/TZImagePickerController\"",
					"\"${PODS_CONFIGURATION_BUILD_DIR}/WZLBadge\"",
					"\"${PODS_CONFIGURATION_BUILD_DIR}/YYKit\"",
					"\"${PODS_ROOT}/OpenSSL-Universal/Frameworks\"",
					"\"${PODS_ROOT}/YYKit/Vendor\"",
					"\"${PODS_XCFRAMEWORKS_BUILD_DIR}/OpenSSL\"",
					"/usr/local/include/boost-ios",
					"/usr/local/lib/boost-ios",
				);
				GCC_C_LANGUAGE_STANDARD = gnu99;
				GCC_PREFIX_HEADER = "$SRCROOT/AnyViewer/Support Files/PrefixHeader.pch";
				HEADER_SEARCH_PATHS = (
					"$(inherited)",
					"\"${PODS_CONFIGURATION_BUILD_DIR}/AFNetworking/AFNetworking.framework/Headers\"",
					"\"${PODS_CONFIGURATION_BUILD_DIR}/CocoaAsyncSocket/CocoaAsyncSocket.framework/Headers\"",
					"\"${PODS_CONFIGURATION_BUILD_DIR}/DZNEmptyDataSet/DZNEmptyDataSet.framework/Headers\"",
					"\"${PODS_CONFIGURATION_BUILD_DIR}/GKNavigationBar/GKNavigationBar.framework/Headers\"",
					"\"${PODS_CONFIGURATION_BUILD_DIR}/IQKeyboardManager/IQKeyboardManager.framework/Headers\"",
					"\"${PODS_CONFIGURATION_BUILD_DIR}/JXCategoryView/JXCategoryView.framework/Headers\"",
					"\"${PODS_CONFIGURATION_BUILD_DIR}/MBProgressHUD/MBProgressHUD.framework/Headers\"",
					"\"${PODS_CONFIGURATION_BUILD_DIR}/MJRefresh/MJRefresh.framework/Headers\"",
					"\"${PODS_CONFIGURATION_BUILD_DIR}/Masonry/Masonry.framework/Headers\"",
					"\"${PODS_CONFIGURATION_BUILD_DIR}/ReactiveObjC/ReactiveObjC.framework/Headers\"",
					"\"${PODS_CONFIGURATION_BUILD_DIR}/SDWebImage/SDWebImage.framework/Headers\"",
					"\"${PODS_CONFIGURATION_BUILD_DIR}/TZImagePickerController/TZImagePickerController.framework/Headers\"",
					"\"${PODS_CONFIGURATION_BUILD_DIR}/WZLBadge/WZLBadge.framework/Headers\"",
					"\"${PODS_CONFIGURATION_BUILD_DIR}/YYKit/YYKit.framework/Headers\"",
					"\"${PODS_ROOT}/Headers/Public\"",
					"\"${PODS_ROOT}/Headers/Public/rapidjson\"",
					"/usr/local/include/boost-ios",
					"/usr/local/lib/boost-ios",
				);
				INFOPLIST_FILE = AnyViewer/Info.plist;
				IPHONEOS_DEPLOYMENT_TARGET = 10.0;
				LD_RUNPATH_SEARCH_PATHS = (
					"$(inherited)",
					"@executable_path/Frameworks",
				);
				LIBRARY_SEARCH_PATHS = (
					"$(inherited)",
					"/usr/local/lib/boost-ios",
					"/usr/local/lib/boost-ios/boost",
				);
				OTHER_LDFLAGS = (
					"$(inherited)",
					"-ObjC",
					"-l\"curl\"",
					"-l\"sqlite3\"",
					"-l\"z\"",
					"-framework",
					"\"AFNetworking\"",
					"-framework",
					"\"Accelerate\"",
					"-framework",
					"\"AssetsLibrary\"",
					"-framework",
					"\"CoreFoundation\"",
					"-framework",
					"\"CoreGraphics\"",
					"-framework",
					"\"CoreImage\"",
					"-framework",
					"\"CoreText\"",
					"-framework",
					"\"DZNEmptyDataSet\"",
					"-framework",
					"\"Foundation\"",
					"-framework",
					"\"GKNavigationBar\"",
					"-framework",
					"\"IQKeyboardManager\"",
					"-framework",
					"\"ImageIO\"",
					"-framework",
					"\"JXCategoryView\"",
					"-framework",
					"\"MBProgressHUD\"",
					"-framework",
					"\"MJRefresh\"",
					"-framework",
					"\"Masonry\"",
					"-framework",
					"\"MobileCoreServices\"",
					"-framework",
					"\"OpenSSL\"",
					"-framework",
					"\"Photos\"",
					"-framework",
					"\"QuartzCore\"",
					"-framework",
					"\"ReactiveObjC\"",
					"-framework",
					"\"SDWebImage\"",
					"-framework",
					"\"SystemConfiguration\"",
					"-framework",
					"\"TZImagePickerController\"",
					"-framework",
					"\"UIKit\"",
					"-framework",
					"\"WZLBadge\"",
					"-framework",
					"\"YYKit\"",
					"-framework",
					"\"ZJCurl\"",
					"-framework",
					"\"curly\"",
				);
				PRODUCT_BUNDLE_IDENTIFIER = com.aomei.AnyViewer;
				PRODUCT_NAME = "$(TARGET_NAME)";
				TARGETED_DEVICE_FAMILY = "1,2";
				WARNING_CFLAGS = "-Wno-ambiguous-macro";
			};
			name = Release;
		};
/* End XCBuildConfiguration section */

/* Begin XCConfigurationList section */
		066A170C26D39FE90058085F /* Build configuration list for PBXProject "AnyViewer" */ = {
			isa = XCConfigurationList;
			buildConfigurations = (
				066A172826D39FED0058085F /* Debug */,
				066A172926D39FED0058085F /* Release */,
			);
			defaultConfigurationIsVisible = 0;
			defaultConfigurationName = Release;
		};
		066A172A26D39FED0058085F /* Build configuration list for PBXNativeTarget "AnyViewer" */ = {
			isa = XCConfigurationList;
			buildConfigurations = (
				066A172B26D39FED0058085F /* Debug */,
				066A172C26D39FED0058085F /* Release */,
			);
			defaultConfigurationIsVisible = 0;
			defaultConfigurationName = Release;
		};
/* End XCConfigurationList section */
	};
	rootObject = 066A170926D39FE90058085F /* Project object */;
}
